{
  "version": 4,
  "terraform_version": "1.11.2",
  "serial": 4,
  "lineage": "ba00975e-b0db-877b-322f-eb049dc4bef9",
  "outputs": {},
  "resources": [
    {
      "mode": "data",
      "type": "terraform_remote_state",
      "name": "cluster",
      "provider": "provider[\"terraform.io/builtin/terraform\"]",
      "instances": [
        {
          "schema_version": 0,
          "attributes": {
            "backend": "local",
            "config": {
              "value": {
                "path": "../aks cluster/terraform.tfstate"
              },
              "type": [
                "object",
                {
                  "path": "string"
                }
              ]
            },
            "defaults": null,
            "outputs": {
              "value": {
                "client_certificate": "LS0tLS1CRUdJTiBDRVJUSUZJQ0FURS0tLS0tCk1JSUZIakNDQXdhZ0F3SUJBZ0lSQUwvRDBoL1FTM3NJQlhBOHFybWIxa2d3RFFZSktvWklodmNOQVFFTEJRQXcKRFRFTE1Ba0dBMVVFQXhNQ1kyRXdIaGNOTWpVd016STJNREl5T0RFM1doY05NamN3TXpJMk1ESXpPREUzV2pBdwpNUmN3RlFZRFZRUUtFdzV6ZVhOMFpXMDZiV0Z6ZEdWeWN6RVZNQk1HQTFVRUF4TU1iV0Z6ZEdWeVkyeHBaVzUwCk1JSUNJakFOQmdrcWhraUc5dzBCQVFFRkFBT0NBZzhBTUlJQ0NnS0NBZ0VBMmo2UFIwVTJseUxqK29IOVpVOWIKWk9aR1JSTkgvTCsweitwY2tKMHdhTitBMTE4bi9JYk5GQlRYc3NhYXR4UHQvOU8zUXk4enN0SkNMWW9tT2hCWApySEtDWGhEWE50YjVSR1htUStQRStGZWNXdnh6TUxsQ1FJKzVSUDlxcGNJeXgwTVZYalgrYWxkbFAwTVQ4dlRECnNNUjVvbENqaUx0OFdkUnJrdFEvZHBFMUcrUTRLNW5qUGZybi9zWXNBMVplZUh4dnMyQW5FRGFaenRtdTY5R2sKYWt1elByV0tFQUlsamw4WGlqVTYydnlmaVQvbzRjNERiYnlkbllPODBFcS8vU0FCSWt4Skl3WVBJdTlUQmdqQgpKWElUZGEvWDgvNm5sZHJiVlBFN3VQQmlDcFJFNWFBRVZMYktkaWJ3Tmx0RzZ4dWlLazVZdmtFMlZMcis2WUpUClZjc0ZwRm5CeGFjTnNvNUhuV2JSOUlOUXlYS1N2b3VPa2RoS2M2cFFTeVdFaEFzSTdIZldZZjRUWjNXbG5JUVkKSzVNeGdaN0xzL2FTaEorNW5JcmI2TWhlZ1MwY05oUVBjakN1TDZxcTZ1QjJHQTUvSkxpanlra1hiSlE4aHlDaApCSmVvUm5XOHJKczZWbDZrVGVlbTI4RnczSVBMaGx0WGx1OERUYjN6M3FITDVvWTFPUFE0TU1IYnNoU1M4bDE1ClpVSzFxbTlUYWxrUldYcTJaY0pVdit0OVNxdWV2RHBhYXpJS1BvaUVva0x4aEJOMFYzem4vaDZmdE51SjBaNE8KeDc3QjZqN0hzekhVUEtqZG1MRTQ0bzlTNHNOcUZjOCtPY1M3dVZvTnpxY0xicGp5VjBXNTRHaUxIQldxNGhCeQpkVEJwTjk4K2JIYk95dGE5cVNobHdQRUNBd0VBQWFOV01GUXdEZ1lEVlIwUEFRSC9CQVFEQWdXZ01CTUdBMVVkCkpRUU1NQW9HQ0NzR0FRVUZCd01DTUF3R0ExVWRFd0VCL3dRQ01BQXdId1lEVlIwakJCZ3dGb0FVeUMxRkdmUlQKSkcxdGF2V0tWcWl3dTBOSWlVc3dEUVlKS29aSWh2Y05BUUVMQlFBRGdnSUJBQ1dWVHIwY1UyUDVKT0hhd3dYMwoyd2I4bTRGb3NLUiswOW1uYVVDNmVRMW9hRE5lUGppYzBYZ2VmQmsydlhjaGFYTllTRE5BMTVJUVpNM3Zod2pFCmRnbjIxN0NWMVdSN09DblFUc3F6TmVYb01XVFdvY1czNWVoaXdPcWlleEg4UVNxVEF4N0VNSWQrbm5idTRQdHUKSGxXMVBGQU1WUzhxb0ZTaDdIbUxYZzVYdjlBUTBsUDdqUEw1N3FYUXQ0M29Ja1BHWExqVWcxbExTUlZhdXNLMwpwMFlmUzVYRFdvL25oUXk5a0ZnczlKWVk3UkdEdGo4ZFFqODl1ejBlM0hxMnkzSXJ6WStXWmI5Qm9wUmI0SU8rCmJubWZPMEdlYzU4Z1kxME9uS0JJN280d085NVl1N01BUmQ1LzJqMkl4ZkxGSzdBSnc3QW5MWFpOWTZWeDRKVGsKcE1HMFZMb0xXVkNzVXA5S1RKMGxOWko3NERFTVBpSjVHSStlQyt2am8wYXJoNWROYkgyV09EbitFTk1SeDNrOQpGTTE3NXV5Mmc2bW9iWGdyMWhpd1JjTWRkSU85U1RWSHJqTHljVURSL3dqaHBydGVTT1diOGJXcEVQN1BIVElSCmJ5em51eEhRbmJHU29hdVdUWUFpeHl5dFkvYUZsRE1sUEY4eS8rNlBmSG83RGhXbitiYVgxMGRiNWg0N2svemgKTGsvblQxYnhaeEZvOUc4WjY2UXhDS2xCYW1RT0xrdHY5OVNVR2ZKVkFVbFZqaWp5NWhpTHQvS2RtTlplUmtXKwpCei84ZHVjZFc2NFZUQWFjMjBpZEtpTVJKaFk1b2RQQTNjSWtUUytMWlV1Z1V3MGFJTzhlMnh4K1hPbnB1TkxiCkk2WW0xSDRXcVlQaDJaWndNVWJOY05PYgotLS0tLUVORCBDRVJUSUZJQ0FURS0tLS0tCg==",
                "client_key": "LS0tLS1CRUdJTiBSU0EgUFJJVkFURSBLRVktLS0tLQpNSUlKS0FJQkFBS0NBZ0VBMmo2UFIwVTJseUxqK29IOVpVOWJaT1pHUlJOSC9MKzB6K3Bja0owd2FOK0ExMThuCi9JYk5GQlRYc3NhYXR4UHQvOU8zUXk4enN0SkNMWW9tT2hCWHJIS0NYaERYTnRiNVJHWG1RK1BFK0ZlY1d2eHoKTUxsQ1FJKzVSUDlxcGNJeXgwTVZYalgrYWxkbFAwTVQ4dlREc01SNW9sQ2ppTHQ4V2RScmt0US9kcEUxRytRNApLNW5qUGZybi9zWXNBMVplZUh4dnMyQW5FRGFaenRtdTY5R2tha3V6UHJXS0VBSWxqbDhYaWpVNjJ2eWZpVC9vCjRjNERiYnlkbllPODBFcS8vU0FCSWt4Skl3WVBJdTlUQmdqQkpYSVRkYS9YOC82bmxkcmJWUEU3dVBCaUNwUkUKNWFBRVZMYktkaWJ3Tmx0RzZ4dWlLazVZdmtFMlZMcis2WUpUVmNzRnBGbkJ4YWNOc281SG5XYlI5SU5ReVhLUwp2b3VPa2RoS2M2cFFTeVdFaEFzSTdIZldZZjRUWjNXbG5JUVlLNU14Z1o3THMvYVNoSis1bklyYjZNaGVnUzBjCk5oUVBjakN1TDZxcTZ1QjJHQTUvSkxpanlra1hiSlE4aHlDaEJKZW9Sblc4ckpzNlZsNmtUZWVtMjhGdzNJUEwKaGx0WGx1OERUYjN6M3FITDVvWTFPUFE0TU1IYnNoU1M4bDE1WlVLMXFtOVRhbGtSV1hxMlpjSlV2K3Q5U3F1ZQp2RHBhYXpJS1BvaUVva0x4aEJOMFYzem4vaDZmdE51SjBaNE94NzdCNmo3SHN6SFVQS2pkbUxFNDRvOVM0c05xCkZjOCtPY1M3dVZvTnpxY0xicGp5VjBXNTRHaUxIQldxNGhCeWRUQnBOOTgrYkhiT3l0YTlxU2hsd1BFQ0F3RUEKQVFLQ0FnQm1tMXNKaXdUcmNiLzFtdi9qamJmT2JHVkZQSmR2d1VIbExxNXVYempQVmFWaG5KOVVIcHgwZ0lnWQp5VDhjTEFhTmJLQ1F1YlI0c2xuaXh6ekp0NzFBbW1Xb2pBcGpBaGNYalVFQlVpamRDWE85WTB0VThRU3hEZUZ4CkN4Uzg4ZHlseW1oVmJ0VTZjZlJzRmNGZlRLeGtnenNja1FVUjEvUFMyQWZyZEZhU0RCc0lEZmhLcDRNck5MZTIKRkwzRW8rcXVndktSUnZlV3E5VU1aMVBTRXpKVnQxbUNkaDkrLzBOZytGdzg0bUhWYTBnbVl5RytaL2s4c3B6MwozV1A4R2VqQnZUWkxSY3BzNlFCYzBHQWNTaWxrellsUW4yZk1rMEYvTnZJL3NWcit6Q1dNQzhHSW8vN2xSVHRTCjZXT3VhcU9oRGREa1N3bDJDWHJkd3p6dDFCUVJOMWRFdlVtaFUwbEZUZ1RRMW5BdjgvRHJzeks3RS9VeEdpL2sKNDgvZ2VnNUxtWmVaN0NYU01zK1l1b05NbWVISTF2c1BOWVo3ZTV0UjRieFZwRkhjN3I0MnZVUlNsMUJuWHN3ZQovdi9wR3F2QXVpUU1hWWhJWks1Si9FeFJaYmxvczdpejFYMlJvYUVZZUFZeHl2dlFPQVZHWUx0MFRlT3NLeFphCnlUanM5K2VuMGhkY1UrdFl6cGZ4QUdtcUNwc1pneWFwUmVSUnl0VURmR3poVXo1d0tkcjUvWVFsd0U2cEI1ckcKeWhsdndoQzF4bDNWRURGekp4TUIrVXYzOXFrOEJPWVNqeGZxOFJSZE90Rm9jb3BIRGpXdUt5dFVzazNzZzhvUApiU0g5MHdhOGI3MWRZUHhWbUc3WkFXSHZIa2l2TDFEdDIxSUJQb2FQZmF0OFpDTzVzUUtDQVFFQStaeFQ1cWVnCnZoK1pXbDNWRDkxbFNldXRxdDJJOTRSS1NvOGlpU21JdzRlRXh6QTZ1NFN3cjY2Z0dJRjRodkdSdHkrQmlDWVEKdGFlSm5aSHk4UGo1em9iUzJ3aC81VnF6Q0ZYcW5OdVRpQUdBcnFSbmJaZFFhbjkvZ2pTSkxNTHREekNsYk4vSgpIWGtFanRCQldBTWZGaWFBbmE0M1FUMTlyTTRDZkVudktJSHpseW5ueUxRblpjS1haRUtUVHY1NU5LN1dGYk9TClFHdDI5TXVVVXpnSGdZaWRRbUozVy8wUDdUUGNvcWs1MHBmVUpObUgzN0UwS1pHL0Z4ZitRNExrRHJCVXpzVU0KVCtZNC9KUnJFMzN5YXMrVGoxSmxsOG5lWDBZanpJWmIwbStHOUM5Q1hiSkd2aFpRdFlESyswaDBlZ2JZUGpBLwpWNHkvZCtOL0xRRzljd0tDQVFFQTM5U3hKOFpPaTFKMXFrWS9uenIyUi9veXh1UFp3NkR6Nk1pM3dnZW1hc1d1CnJJb2lNMjVqR2hHWkx6NjhLQm91cEFyOUR6Qkg0R0kyQmR2VUFJUTliNWpTME00bmk4VGdROTNhMEJJUzVVc04KMWxPVzdaOXJnU2Frb2VvWnlSc0Z4dDVrUTlkWWpCOXJsNHFXVnJKZDBqcGpCd2l5QnlBcDBjSGJmcVoxLzFETQpJcW5CZVJZUFUySjBZa0pDZ2FpM29GcUt1NDBhVnBzUWlqd1BhZjhEcHh6MVFpcitWN3NxR09kcFZjRGZPSHI5CkpGQld1ZGMyd3FkMVVQRG10UWc2WUlYWEVJclR2V2xiNm1DL1AwSFNJT0pqWG8ySldrdUZ3VlJTMi90NTk2SDkKdVRnV3JuUmFZZDZ5Mk9EZk52OXJCd0l2WjZEbUdOaHhvUWQ2VDZ1dkN3S0NBUUJkV080em0wck03MHBOZGp2Zwo4LzRXTi9JNXJTRzAxeDlsWk1RWW9aVEk4dHhnRlpSUlhsMHBSbGdPOGhSZCt1ZHdwMjU4dVNlVWw3UXFYbE9KCmRNTVBUbko2Z1dJN0pzRS9nOG42b1U4NkZMM0lFaW12M1Yrd2hEL3VOTEY4TU9Xd3daT0w5T0RraWNaL2xqaHAKcnJrb2NudTAvRnNqcGRoakVLUHpVVDhFV2h6NzBpc2hidVl3OHlYazA5VDlQTU9kUlNsQThtZm1lWW9DSUVRMwpId1FIbUV5ZmIrMk5WRVZwZ3ZTblREd1ltcmsya3JkeW0zV1Rlak1KY3VxZTJzdHBCdDZnZVNhU2x0bUc5QVpiClFzV3UxalFyN0RlY0hWMXhLZXpuWnZQZDdlRjlYbE1tY1M1dGxqRFd2L1NwSnI2UWlCREVxUXgzTkdiQ2NpeTAKYXlzckFvSUJBQmNuN2R2cmpCeWx2ejZLWGZLZkt2TnZVdWw0a1FMSUYvT3hNREdHa1JUaXRwdHEvdmJMS0wxOQpySmRTcWl5TDZOOVhzNjVxbEVVR1pBaGZJYU9jQ3E4TTVHSnRzWEdvUUh0RTdHb3lOSG84TllaQ3g0NTF1NjEwCnpmdGlPS0N4aHZ0MzdtK0dTOGJUU1ZJNEtDMTM3blRkVFhsZzBPb2p6YS9CbW0rVDBRbEUxcG1QYmxDVWs2bFEKdWpHZ0lUbEF0eDZEdjI1L3ZvWFBMUHJnRThnbmRiMUlKYWRldzBsWU41YXoraFhCQ2xiUmduYkxTTzJZOGpWWgpGYTMxL2lna1hjVzJrdlZISjNpaytibFpvTzl1WThxN0lRU2JKK2FMZ1o3cWxsZmp3RTU2RjhHZHA5c01kbjFCCmlNY2ZISGlZRy81eG4yM2RHM0RlazRMUlB6b1d6TmtDZ2dFQkFKeFNESlR2OG9IcGM1dlJDWERVUnlOMGZsa0wKZ2dCY0RUSXk5QjBFTDcxZnh1ZlZsYVNDQUZRWkpsdnhNR2ZWNmpUSklSSXk5VEdRa0IwUEtLQ0JudTRiZ3Nwcgp1NzRiZjcweXptb2lQemNVQnQ5OVBReHZyWjdvdUZDN2lOT2J2eGpndE4zcEJBRytURklrQVZpVlAvc3V2cnR4Ckc4VTlnS2IvL0JKZkczaHAyNnk4V2RUeFFGdkR0UWZUZUVYSWY4UTNMbGd4aitCczZ6MzBJVWR5MVRqNWJtYkIKeHFacUF0aHVwT0NjeWJaVlZNZXlaS2wwd05tOEF6VmhmN1BtTXpGK0dSNTFQdWhsRTRGbXV1R3NpNnBsYjlpYQplVlJmU1ZHM25Hc0N4aUcyRkh1ME1TWnI4aHBNZnA5VWRVeGxwdDlNVmx3L0M4MmRDMjlHNHNHRGp1cz0KLS0tLS1FTkQgUlNBIFBSSVZBVEUgS0VZLS0tLS0K",
                "cluster_ca_certificate": "LS0tLS1CRUdJTiBDRVJUSUZJQ0FURS0tLS0tCk1JSUU2RENDQXRDZ0F3SUJBZ0lRRGdxd2daaElkOStHVWpieXA3TEJrVEFOQmdrcWhraUc5dzBCQVFzRkFEQU4KTVFzd0NRWURWUVFERXdKallUQWdGdzB5TlRBek1qWXdNakk0TVRkYUdBOHlNRFUxTURNeU5qQXlNemd4TjFvdwpEVEVMTUFrR0ExVUVBeE1DWTJFd2dnSWlNQTBHQ1NxR1NJYjNEUUVCQVFVQUE0SUNEd0F3Z2dJS0FvSUNBUURmCkVsb2dOaXl4cHpNSDR1b0hROVlkOFAvMHZTcGNLNkR3TWZvejlzMmU5Z1Z1LzRiMnFSaUZUcGRDTVJoMzdic1gKVTBnL0pHYWVicEdSOTFRNkhYR25GRUVlNnNOZzk5SXRWR2dXeU04eEQvekVyVWVWYnQ5RFlYd2lyeGZtTS9BaQprYVdZYW9rMUNSdXRLaCt2WDJhQUVadlFPV3N2L1JzdXBLRk0xMTVsZTgyd21RNE95bFk1VWlkandiVUdUQzB4CjdqNTQvenBPejdVWVpnbndJdTc1cVFrSlVIbmZDREpSdk01eXNXVmVOWlFVeHpWTlBDQUl3TjY3WmRKZGxsMWQKRktUOGhveXUxZGdINExMcElDMlFDK1g0dmx3NEdIeERMOE5IMjN5M1p5eFA0b0FlbWxOaCt0dUV3L2kwdlZrRwpCMERIK1QrNkppSHJQTUpNNGkxbWhMQys4bjFBM2Z1OEowYjdUTmhRZ1JHK09QU2lCWXBHQzR3NTUrQ0lBb1QvCndndTV2T25rOXhBd1lJY0RDbjJWQnJOQXIxVVZPZ2gwaFpkdHVGVTkrSDRmdzVyakp1YzlPVVdGN1hybTE3Q0sKTjBCYjNaMERQSlRxaU5NMk1QWUhHbE1MZ3d0aVE3SExIUm1wNG9TSllmd2M4b1FMVkRxNXlQZkNJRHlKQ0hFbgpsMXVnSCtlTjJCRkFPY0pySkVRdEI4VzR5S2p3MTV3MWpKUEdUaDFGRmpjeFpySGE2d0FxU1pzZjFXbFdMTjFjCkpUUVNLNUZDajNGU0s2U1ByWVZQZVRzVFRiVkdITE9XSUpQREtOTTY4VFdWVzZzc1FORVVBTnUzVlE1WWpsM08KZk5HN1lOMWdtOElKU1A5aExWWTY3WWtxU2ZBSDVuT1lIaFpxd1dtcFJ3SURBUUFCbzBJd1FEQU9CZ05WSFE4QgpBZjhFQkFNQ0FxUXdEd1lEVlIwVEFRSC9CQVV3QXdFQi96QWRCZ05WSFE0RUZnUVV5QzFGR2ZSVEpHMXRhdldLClZxaXd1ME5JaVVzd0RRWUpLb1pJaHZjTkFRRUxCUUFEZ2dJQkFGNis1ZWY1UkpZUVdRb1JLNTR6aXVETE5YbkIKU0dWNWhUcTB6eXo5MVRxOUxqL1VzdHVRbmJwZUhuaG0wQUVmQld5QytPakxkNXBRbnVxZFpsSVFibFJLM1VRdApqaDBNczhOQkRGN20xQzI0QTdsMTNxY2szWXRCRTdGV0J5ZFRNd0l5VTVqSitiWjkyT0hTNm0vWWZGSG9tRXB4Cm1lNGxHdDlsNFV1ODIvbHYxaWovNTFYMWFnS0xrOWo2S3VEa0VGcm1uUncxY2tmem44NWFBdkxLL0N3NUV3b3IKN2x4SS9uVUtzN0VDUk1vUWVSME53ejk2M0I0YjJxWWhFS1duYmdmcXZQUUVzcVNMNnBZSEw5ZlRjQmM2bG9GeApPbXRrZHZBaUlOb3Y2YURtd1lnNkdOZnZ1NnNtODRmU1k4V3o5KzRVMXowdU9Mb2oxbXc4ZG9JdXEramNoSExiCmcxeUs5cmZMSGQweHlqUjdqdFhPVG9vQUtUa29zczhCcWNrUys5WWJrcllvK1hCVjNITGlZS3daRzYxc0U3SUIKTVkwZG9INC9lMXc1TktzODd3dkFXam1NZU5Bb2UrNnpGUTQyVkw1MXR4RjdjMVB3ZExZY1dPU0hvZ056WEdjcwoxVk1PVnV0ZXgzQkIzMWJOci9IRlo3SHRUQ0pyWnlGNWRvVVVJSFNkYUExTDNNMUtmNWZaMTVaODMrQWFIbmJYCjRFL3Mxd0hzQ1FGOXJOUXlRMDdQZ29SRnQ0R0t5cEsyY0s0L005T0JnbytyczlwL3NJMGpjUEs3QUVSdWxyenAKZWdIYVZNenc1TlkvaXVwV1hMbWgrTXlsSUtENmFSVUMvN09WTGtpeXJDaTljczVBVFRpaVBWMG54bWlFa29qRwpTM1ROSGtZNm9HazJBQ0ljCi0tLS0tRU5EIENFUlRJRklDQVRFLS0tLS0K",
                "host": "tacowagon-r0cpwuvm.hcp.westus.azmk8s.io"
              },
              "type": [
                "object",
                {
                  "client_certificate": "string",
                  "client_key": "string",
                  "cluster_ca_certificate": "string",
                  "host": "string"
                }
              ]
            },
            "workspace": null
          },
          "sensitive_attributes": []
        }
      ]
    },
    {
      "mode": "managed",
      "type": "kubernetes_manifest",
      "name": "flux_app",
      "provider": "provider[\"registry.terraform.io/hashicorp/kubernetes\"]",
      "instances": [
        {
          "schema_version": 1,
          "attributes": {
            "computed_fields": null,
            "field_manager": [],
            "manifest": {
              "value": {
                "apiVersion": "kustomize.toolkit.fluxcd.io/v1beta1",
                "kind": "Kustomization",
                "metadata": {
                  "name": "dotnetapp",
                  "namespace": "flux-system"
                },
                "spec": {
                  "interval": "30m",
                  "path": "./dotnet-lb",
                  "prune": true,
                  "sourceRef": {
                    "kind": "GitRepository",
                    "name": "sampleapp"
                  }
                }
              },
              "type": [
                "object",
                {
                  "apiVersion": "string",
                  "kind": "string",
                  "metadata": [
                    "object",
                    {
                      "name": "string",
                      "namespace": "string"
                    }
                  ],
                  "spec": [
                    "object",
                    {
                      "interval": "string",
                      "path": "string",
                      "prune": "bool",
                      "sourceRef": [
                        "object",
                        {
                          "kind": "string",
                          "name": "string"
                        }
                      ]
                    }
                  ]
                }
              ]
            },
            "object": {
              "value": {
                "apiVersion": "kustomize.toolkit.fluxcd.io/v1beta1",
                "kind": "Kustomization",
                "metadata": {
                  "annotations": null,
                  "creationTimestamp": null,
                  "deletionGracePeriodSeconds": null,
                  "deletionTimestamp": null,
                  "finalizers": null,
                  "generateName": null,
                  "generation": null,
                  "labels": null,
                  "managedFields": null,
                  "name": "dotnetapp",
                  "namespace": "flux-system",
                  "ownerReferences": null,
                  "resourceVersion": null,
                  "selfLink": null,
                  "uid": null
                },
                "spec": {
                  "decryption": {
                    "provider": null,
                    "secretRef": {
                      "name": null
                    }
                  },
                  "dependsOn": null,
                  "force": false,
                  "healthChecks": null,
                  "images": null,
                  "interval": "30m",
                  "kubeConfig": {
                    "secretRef": {
                      "name": null
                    }
                  },
                  "patches": null,
                  "patchesJson6902": null,
                  "patchesStrategicMerge": null,
                  "path": "./dotnet-lb",
                  "postBuild": {
                    "substitute": null,
                    "substituteFrom": null
                  },
                  "prune": true,
                  "retryInterval": null,
                  "serviceAccountName": null,
                  "sourceRef": {
                    "apiVersion": null,
                    "kind": "GitRepository",
                    "name": "sampleapp",
                    "namespace": null
                  },
                  "suspend": null,
                  "targetNamespace": null,
                  "timeout": null,
                  "validation": null
                }
              },
              "type": [
                "object",
                {
                  "apiVersion": "string",
                  "kind": "string",
                  "metadata": [
                    "object",
                    {
                      "annotations": [
                        "map",
                        "string"
                      ],
                      "creationTimestamp": "string",
                      "deletionGracePeriodSeconds": "number",
                      "deletionTimestamp": "string",
                      "finalizers": [
                        "list",
                        "string"
                      ],
                      "generateName": "string",
                      "generation": "number",
                      "labels": [
                        "map",
                        "string"
                      ],
                      "managedFields": [
                        "tuple",
                        [
                          [
                            "object",
                            {
                              "apiVersion": "string",
                              "fieldsType": "string",
                              "fieldsV1": "dynamic",
                              "manager": "string",
                              "operation": "string",
                              "subresource": "string",
                              "time": "string"
                            }
                          ]
                        ]
                      ],
                      "name": "string",
                      "namespace": "string",
                      "ownerReferences": [
                        "list",
                        [
                          "object",
                          {
                            "apiVersion": "string",
                            "blockOwnerDeletion": "bool",
                            "controller": "bool",
                            "kind": "string",
                            "name": "string",
                            "uid": "string"
                          }
                        ]
                      ],
                      "resourceVersion": "string",
                      "selfLink": "string",
                      "uid": "string"
                    }
                  ],
                  "spec": [
                    "object",
                    {
                      "decryption": [
                        "object",
                        {
                          "provider": "string",
                          "secretRef": [
                            "object",
                            {
                              "name": "string"
                            }
                          ]
                        }
                      ],
                      "dependsOn": [
                        "list",
                        [
                          "object",
                          {
                            "name": "string",
                            "namespace": "string"
                          }
                        ]
                      ],
                      "force": "bool",
                      "healthChecks": [
                        "list",
                        [
                          "object",
                          {
                            "apiVersion": "string",
                            "kind": "string",
                            "name": "string",
                            "namespace": "string"
                          }
                        ]
                      ],
                      "images": [
                        "list",
                        [
                          "object",
                          {
                            "digest": "string",
                            "name": "string",
                            "newName": "string",
                            "newTag": "string"
                          }
                        ]
                      ],
                      "interval": "string",
                      "kubeConfig": [
                        "object",
                        {
                          "secretRef": [
                            "object",
                            {
                              "name": "string"
                            }
                          ]
                        }
                      ],
                      "patches": [
                        "list",
                        [
                          "object",
                          {
                            "patch": "string",
                            "target": [
                              "object",
                              {
                                "annotationSelector": "string",
                                "group": "string",
                                "kind": "string",
                                "labelSelector": "string",
                                "name": "string",
                                "namespace": "string",
                                "version": "string"
                              }
                            ]
                          }
                        ]
                      ],
                      "patchesJson6902": [
                        "tuple",
                        [
                          [
                            "object",
                            {
                              "patch": [
                                "tuple",
                                [
                                  [
                                    "object",
                                    {
                                      "from": "string",
                                      "op": "string",
                                      "path": "string",
                                      "value": "dynamic"
                                    }
                                  ]
                                ]
                              ],
                              "target": [
                                "object",
                                {
                                  "annotationSelector": "string",
                                  "group": "string",
                                  "kind": "string",
                                  "labelSelector": "string",
                                  "name": "string",
                                  "namespace": "string",
                                  "version": "string"
                                }
                              ]
                            }
                          ]
                        ]
                      ],
                      "patchesStrategicMerge": [
                        "tuple",
                        [
                          "dynamic"
                        ]
                      ],
                      "path": "string",
                      "postBuild": [
                        "object",
                        {
                          "substitute": [
                            "map",
                            "string"
                          ],
                          "substituteFrom": [
                            "list",
                            [
                              "object",
                              {
                                "kind": "string",
                                "name": "string"
                              }
                            ]
                          ]
                        }
                      ],
                      "prune": "bool",
                      "retryInterval": "string",
                      "serviceAccountName": "string",
                      "sourceRef": [
                        "object",
                        {
                          "apiVersion": "string",
                          "kind": "string",
                          "name": "string",
                          "namespace": "string"
                        }
                      ],
                      "suspend": "bool",
                      "targetNamespace": "string",
                      "timeout": "string",
                      "validation": "string"
                    }
                  ]
                }
              ]
            },
            "timeouts": [],
            "wait": [],
            "wait_for": null
          },
          "sensitive_attributes": [],
          "dependencies": [
            "data.terraform_remote_state.cluster"
          ]
        }
      ]
    },
    {
      "mode": "managed",
      "type": "kubernetes_manifest",
      "name": "flux_infra",
      "provider": "provider[\"registry.terraform.io/hashicorp/kubernetes\"]",
      "instances": [
        {
          "schema_version": 1,
          "attributes": {
            "computed_fields": null,
            "field_manager": [],
            "manifest": {
              "value": {
                "apiVersion": "kustomize.toolkit.fluxcd.io/v1beta1",
                "kind": "Kustomization",
                "metadata": {
                  "name": "infra",
                  "namespace": "flux-system"
                },
                "spec": {
                  "interval": "30m",
                  "path": "./infrastructure",
                  "prune": true,
                  "sourceRef": {
                    "kind": "GitRepository",
                    "name": "sampleapp"
                  }
                }
              },
              "type": [
                "object",
                {
                  "apiVersion": "string",
                  "kind": "string",
                  "metadata": [
                    "object",
                    {
                      "name": "string",
                      "namespace": "string"
                    }
                  ],
                  "spec": [
                    "object",
                    {
                      "interval": "string",
                      "path": "string",
                      "prune": "bool",
                      "sourceRef": [
                        "object",
                        {
                          "kind": "string",
                          "name": "string"
                        }
                      ]
                    }
                  ]
                }
              ]
            },
            "object": {
              "value": {
                "apiVersion": "kustomize.toolkit.fluxcd.io/v1beta1",
                "kind": "Kustomization",
                "metadata": {
                  "annotations": null,
                  "creationTimestamp": null,
                  "deletionGracePeriodSeconds": null,
                  "deletionTimestamp": null,
                  "finalizers": null,
                  "generateName": null,
                  "generation": null,
                  "labels": null,
                  "managedFields": null,
                  "name": "infra",
                  "namespace": "flux-system",
                  "ownerReferences": null,
                  "resourceVersion": null,
                  "selfLink": null,
                  "uid": null
                },
                "spec": {
                  "decryption": {
                    "provider": null,
                    "secretRef": {
                      "name": null
                    }
                  },
                  "dependsOn": null,
                  "force": false,
                  "healthChecks": null,
                  "images": null,
                  "interval": "30m",
                  "kubeConfig": {
                    "secretRef": {
                      "name": null
                    }
                  },
                  "patches": null,
                  "patchesJson6902": null,
                  "patchesStrategicMerge": null,
                  "path": "./infrastructure",
                  "postBuild": {
                    "substitute": null,
                    "substituteFrom": null
                  },
                  "prune": true,
                  "retryInterval": null,
                  "serviceAccountName": null,
                  "sourceRef": {
                    "apiVersion": null,
                    "kind": "GitRepository",
                    "name": "sampleapp",
                    "namespace": null
                  },
                  "suspend": null,
                  "targetNamespace": null,
                  "timeout": null,
                  "validation": null
                }
              },
              "type": [
                "object",
                {
                  "apiVersion": "string",
                  "kind": "string",
                  "metadata": [
                    "object",
                    {
                      "annotations": [
                        "map",
                        "string"
                      ],
                      "creationTimestamp": "string",
                      "deletionGracePeriodSeconds": "number",
                      "deletionTimestamp": "string",
                      "finalizers": [
                        "list",
                        "string"
                      ],
                      "generateName": "string",
                      "generation": "number",
                      "labels": [
                        "map",
                        "string"
                      ],
                      "managedFields": [
                        "tuple",
                        [
                          [
                            "object",
                            {
                              "apiVersion": "string",
                              "fieldsType": "string",
                              "fieldsV1": "dynamic",
                              "manager": "string",
                              "operation": "string",
                              "subresource": "string",
                              "time": "string"
                            }
                          ]
                        ]
                      ],
                      "name": "string",
                      "namespace": "string",
                      "ownerReferences": [
                        "list",
                        [
                          "object",
                          {
                            "apiVersion": "string",
                            "blockOwnerDeletion": "bool",
                            "controller": "bool",
                            "kind": "string",
                            "name": "string",
                            "uid": "string"
                          }
                        ]
                      ],
                      "resourceVersion": "string",
                      "selfLink": "string",
                      "uid": "string"
                    }
                  ],
                  "spec": [
                    "object",
                    {
                      "decryption": [
                        "object",
                        {
                          "provider": "string",
                          "secretRef": [
                            "object",
                            {
                              "name": "string"
                            }
                          ]
                        }
                      ],
                      "dependsOn": [
                        "list",
                        [
                          "object",
                          {
                            "name": "string",
                            "namespace": "string"
                          }
                        ]
                      ],
                      "force": "bool",
                      "healthChecks": [
                        "list",
                        [
                          "object",
                          {
                            "apiVersion": "string",
                            "kind": "string",
                            "name": "string",
                            "namespace": "string"
                          }
                        ]
                      ],
                      "images": [
                        "list",
                        [
                          "object",
                          {
                            "digest": "string",
                            "name": "string",
                            "newName": "string",
                            "newTag": "string"
                          }
                        ]
                      ],
                      "interval": "string",
                      "kubeConfig": [
                        "object",
                        {
                          "secretRef": [
                            "object",
                            {
                              "name": "string"
                            }
                          ]
                        }
                      ],
                      "patches": [
                        "list",
                        [
                          "object",
                          {
                            "patch": "string",
                            "target": [
                              "object",
                              {
                                "annotationSelector": "string",
                                "group": "string",
                                "kind": "string",
                                "labelSelector": "string",
                                "name": "string",
                                "namespace": "string",
                                "version": "string"
                              }
                            ]
                          }
                        ]
                      ],
                      "patchesJson6902": [
                        "tuple",
                        [
                          [
                            "object",
                            {
                              "patch": [
                                "tuple",
                                [
                                  [
                                    "object",
                                    {
                                      "from": "string",
                                      "op": "string",
                                      "path": "string",
                                      "value": "dynamic"
                                    }
                                  ]
                                ]
                              ],
                              "target": [
                                "object",
                                {
                                  "annotationSelector": "string",
                                  "group": "string",
                                  "kind": "string",
                                  "labelSelector": "string",
                                  "name": "string",
                                  "namespace": "string",
                                  "version": "string"
                                }
                              ]
                            }
                          ]
                        ]
                      ],
                      "patchesStrategicMerge": [
                        "tuple",
                        [
                          "dynamic"
                        ]
                      ],
                      "path": "string",
                      "postBuild": [
                        "object",
                        {
                          "substitute": [
                            "map",
                            "string"
                          ],
                          "substituteFrom": [
                            "list",
                            [
                              "object",
                              {
                                "kind": "string",
                                "name": "string"
                              }
                            ]
                          ]
                        }
                      ],
                      "prune": "bool",
                      "retryInterval": "string",
                      "serviceAccountName": "string",
                      "sourceRef": [
                        "object",
                        {
                          "apiVersion": "string",
                          "kind": "string",
                          "name": "string",
                          "namespace": "string"
                        }
                      ],
                      "suspend": "bool",
                      "targetNamespace": "string",
                      "timeout": "string",
                      "validation": "string"
                    }
                  ]
                }
              ]
            },
            "timeouts": [],
            "wait": [],
            "wait_for": null
          },
          "sensitive_attributes": [],
          "dependencies": [
            "data.terraform_remote_state.cluster"
          ]
        }
      ]
    },
    {
      "mode": "managed",
      "type": "kubernetes_manifest",
      "name": "flux_source",
      "provider": "provider[\"registry.terraform.io/hashicorp/kubernetes\"]",
      "instances": [
        {
          "schema_version": 1,
          "attributes": {
            "computed_fields": null,
            "field_manager": [],
            "manifest": {
              "value": {
                "apiVersion": "source.toolkit.fluxcd.io/v1beta1",
                "kind": "GitRepository",
                "metadata": {
                  "name": "sampleapp",
                  "namespace": "flux-system"
                },
                "spec": {
                  "interval": "1m",
                  "ref": {
                    "branch": "main"
                  },
                  "url": "https://github.com/ned1313/taco-fleet"
                }
              },
              "type": [
                "object",
                {
                  "apiVersion": "string",
                  "kind": "string",
                  "metadata": [
                    "object",
                    {
                      "name": "string",
                      "namespace": "string"
                    }
                  ],
                  "spec": [
                    "object",
                    {
                      "interval": "string",
                      "ref": [
                        "object",
                        {
                          "branch": "string"
                        }
                      ],
                      "url": "string"
                    }
                  ]
                }
              ]
            },
            "object": {
              "value": {
                "apiVersion": "source.toolkit.fluxcd.io/v1beta1",
                "kind": "GitRepository",
                "metadata": {
                  "annotations": null,
                  "creationTimestamp": null,
                  "deletionGracePeriodSeconds": null,
                  "deletionTimestamp": null,
                  "finalizers": null,
                  "generateName": null,
                  "generation": null,
                  "labels": null,
                  "managedFields": null,
                  "name": "sampleapp",
                  "namespace": "flux-system",
                  "ownerReferences": null,
                  "resourceVersion": null,
                  "selfLink": null,
                  "uid": null
                },
                "spec": {
                  "accessFrom": {
                    "namespaceSelectors": null
                  },
                  "gitImplementation": null,
                  "ignore": null,
                  "include": null,
                  "interval": "1m",
                  "recurseSubmodules": null,
                  "ref": {
                    "branch": "main",
                    "commit": null,
                    "semver": null,
                    "tag": null
                  },
                  "secretRef": {
                    "name": null
                  },
                  "suspend": null,
                  "timeout": "60s",
                  "url": "https://github.com/ned1313/taco-fleet",
                  "verify": {
                    "mode": null,
                    "secretRef": {
                      "name": null
                    }
                  }
                }
              },
              "type": [
                "object",
                {
                  "apiVersion": "string",
                  "kind": "string",
                  "metadata": [
                    "object",
                    {
                      "annotations": [
                        "map",
                        "string"
                      ],
                      "creationTimestamp": "string",
                      "deletionGracePeriodSeconds": "number",
                      "deletionTimestamp": "string",
                      "finalizers": [
                        "list",
                        "string"
                      ],
                      "generateName": "string",
                      "generation": "number",
                      "labels": [
                        "map",
                        "string"
                      ],
                      "managedFields": [
                        "tuple",
                        [
                          [
                            "object",
                            {
                              "apiVersion": "string",
                              "fieldsType": "string",
                              "fieldsV1": "dynamic",
                              "manager": "string",
                              "operation": "string",
                              "subresource": "string",
                              "time": "string"
                            }
                          ]
                        ]
                      ],
                      "name": "string",
                      "namespace": "string",
                      "ownerReferences": [
                        "list",
                        [
                          "object",
                          {
                            "apiVersion": "string",
                            "blockOwnerDeletion": "bool",
                            "controller": "bool",
                            "kind": "string",
                            "name": "string",
                            "uid": "string"
                          }
                        ]
                      ],
                      "resourceVersion": "string",
                      "selfLink": "string",
                      "uid": "string"
                    }
                  ],
                  "spec": [
                    "object",
                    {
                      "accessFrom": [
                        "object",
                        {
                          "namespaceSelectors": [
                            "list",
                            [
                              "object",
                              {
                                "matchLabels": [
                                  "map",
                                  "string"
                                ]
                              }
                            ]
                          ]
                        }
                      ],
                      "gitImplementation": "string",
                      "ignore": "string",
                      "include": [
                        "list",
                        [
                          "object",
                          {
                            "fromPath": "string",
                            "repository": [
                              "object",
                              {
                                "name": "string"
                              }
                            ],
                            "toPath": "string"
                          }
                        ]
                      ],
                      "interval": "string",
                      "recurseSubmodules": "bool",
                      "ref": [
                        "object",
                        {
                          "branch": "string",
                          "commit": "string",
                          "semver": "string",
                          "tag": "string"
                        }
                      ],
                      "secretRef": [
                        "object",
                        {
                          "name": "string"
                        }
                      ],
                      "suspend": "bool",
                      "timeout": "string",
                      "url": "string",
                      "verify": [
                        "object",
                        {
                          "mode": "string",
                          "secretRef": [
                            "object",
                            {
                              "name": "string"
                            }
                          ]
                        }
                      ]
                    }
                  ]
                }
              ]
            },
            "timeouts": [],
            "wait": [],
            "wait_for": null
          },
          "sensitive_attributes": [],
          "dependencies": [
            "data.terraform_remote_state.cluster"
          ]
        }
      ]
    }
  ],
  "check_results": null
}
