{
  "version": 4,
  "terraform_version": "1.11.2",
  "serial": 3,
  "lineage": "b6f03f7b-753a-44a7-4be0-afe9c81026ea",
  "outputs": {},
  "resources": [
    {
      "mode": "managed",
      "type": "azurerm_subnet",
      "name": "res-2",
      "provider": "provider[\"registry.terraform.io/hashicorp/azurerm\"]",
      "instances": [
        {
          "schema_version": 0,
          "attributes": {
            "address_prefixes": [
              "10.0.1.0/24"
            ],
            "default_outbound_access_enabled": true,
            "delegation": [],
            "id": "/subscriptions/0cfe2870-d256-4119-b0a3-16293ac11bdc/resourceGroups/946-110c537c-discover-and-import-existing-resource/providers/Microsoft.Network/virtualNetworks/taco-wagon-import/subnets/app",
            "name": "app",
            "private_endpoint_network_policies": "Disabled",
            "private_link_service_network_policies_enabled": true,
            "resource_group_name": "946-110c537c-discover-and-import-existing-resource",
            "service_endpoint_policy_ids": [],
            "service_endpoints": [],
            "timeouts": null,
            "virtual_network_name": "taco-wagon-import"
          },
          "sensitive_attributes": [],
          "private": "eyJlMmJmYjczMC1lY2FhLTExZTYtOGY4OC0zNDM2M2JjN2M0YzAiOnsiY3JlYXRlIjoxODAwMDAwMDAwMDAwLCJkZWxldGUiOjE4MDAwMDAwMDAwMDAsInJlYWQiOjMwMDAwMDAwMDAwMCwidXBkYXRlIjoxODAwMDAwMDAwMDAwfSwic2NoZW1hX3ZlcnNpb24iOiIwIn0="
        }
      ]
    },
    {
      "mode": "managed",
      "type": "azurerm_subnet",
      "name": "res-3",
      "provider": "provider[\"registry.terraform.io/hashicorp/azurerm\"]",
      "instances": [
        {
          "schema_version": 0,
          "attributes": {
            "address_prefixes": [
              "10.0.0.0/24"
            ],
            "default_outbound_access_enabled": true,
            "delegation": [],
            "id": "/subscriptions/0cfe2870-d256-4119-b0a3-16293ac11bdc/resourceGroups/946-110c537c-discover-and-import-existing-resource/providers/Microsoft.Network/virtualNetworks/taco-wagon-import/subnets/web",
            "name": "web",
            "private_endpoint_network_policies": "Disabled",
            "private_link_service_network_policies_enabled": true,
            "resource_group_name": "946-110c537c-discover-and-import-existing-resource",
            "service_endpoint_policy_ids": [],
            "service_endpoints": [],
            "timeouts": null,
            "virtual_network_name": "taco-wagon-import"
          },
          "sensitive_attributes": [],
          "private": "eyJlMmJmYjczMC1lY2FhLTExZTYtOGY4OC0zNDM2M2JjN2M0YzAiOnsiY3JlYXRlIjoxODAwMDAwMDAwMDAwLCJkZWxldGUiOjE4MDAwMDAwMDAwMDAsInJlYWQiOjMwMDAwMDAwMDAwMCwidXBkYXRlIjoxODAwMDAwMDAwMDAwfSwic2NoZW1hX3ZlcnNpb24iOiIwIn0="
        }
      ]
    },
    {
      "mode": "managed",
      "type": "azurerm_virtual_network",
      "name": "res-1",
      "provider": "provider[\"registry.terraform.io/hashicorp/azurerm\"]",
      "instances": [
        {
          "schema_version": 0,
          "attributes": {
            "address_space": [
              "10.0.0.0/16"
            ],
            "bgp_community": "",
            "ddos_protection_plan": [],
            "dns_servers": [],
            "edge_zone": "",
            "encryption": [],
            "flow_timeout_in_minutes": 0,
            "guid": "dbb0eef7-7124-4988-9781-c867f7656f80",
            "id": "/subscriptions/0cfe2870-d256-4119-b0a3-16293ac11bdc/resourceGroups/946-110c537c-discover-and-import-existing-resource/providers/Microsoft.Network/virtualNetworks/taco-wagon-import",
            "location": "eastus",
            "name": "taco-wagon-import",
            "private_endpoint_vnet_policies": "Disabled",
            "resource_group_name": "946-110c537c-discover-and-import-existing-resource",
            "subnet": [
              {
                "address_prefixes": [
                  "10.0.0.0/24"
                ],
                "default_outbound_access_enabled": false,
                "delegation": [],
                "id": "/subscriptions/0cfe2870-d256-4119-b0a3-16293ac11bdc/resourceGroups/946-110c537c-discover-and-import-existing-resource/providers/Microsoft.Network/virtualNetworks/taco-wagon-import/subnets/web",
                "name": "web",
                "private_endpoint_network_policies": "Disabled",
                "private_link_service_network_policies_enabled": true,
                "route_table_id": "",
                "security_group": "",
                "service_endpoint_policy_ids": [],
                "service_endpoints": []
              },
              {
                "address_prefixes": [
                  "10.0.1.0/24"
                ],
                "default_outbound_access_enabled": false,
                "delegation": [],
                "id": "/subscriptions/0cfe2870-d256-4119-b0a3-16293ac11bdc/resourceGroups/946-110c537c-discover-and-import-existing-resource/providers/Microsoft.Network/virtualNetworks/taco-wagon-import/subnets/app",
                "name": "app",
                "private_endpoint_network_policies": "Disabled",
                "private_link_service_network_policies_enabled": true,
                "route_table_id": "",
                "security_group": "",
                "service_endpoint_policy_ids": [],
                "service_endpoints": []
              }
            ],
            "tags": {},
            "timeouts": null
          },
          "sensitive_attributes": [],
          "private": "eyJlMmJmYjczMC1lY2FhLTExZTYtOGY4OC0zNDM2M2JjN2M0YzAiOnsiY3JlYXRlIjoxODAwMDAwMDAwMDAwLCJkZWxldGUiOjE4MDAwMDAwMDAwMDAsInJlYWQiOjMwMDAwMDAwMDAwMCwidXBkYXRlIjoxODAwMDAwMDAwMDAwfSwic2NoZW1hX3ZlcnNpb24iOiIwIn0="
        }
      ]
    }
  ],
  "check_results": null
}
