{
  "version": 4,
  "terraform_version": "1.11.2",
  "serial": 10,
  "lineage": "0976e018-aa16-3727-4a4e-a5df0d8abe81",
  "outputs": {},
  "resources": [
    {
      "mode": "data",
      "type": "azurerm_resource_group",
      "name": "main",
      "provider": "provider[\"registry.terraform.io/hashicorp/azurerm\"]",
      "instances": [
        {
          "schema_version": 0,
          "attributes": {
            "id": "/subscriptions/9734ed68-621d-47ed-babd-269110dbacb1/resourceGroups/945-83973b07-create-and-peer-an-application-virtua",
            "location": "eastus",
            "managed_by": "",
            "name": "945-83973b07-create-and-peer-an-application-virtua",
            "tags": {},
            "timeouts": null
          },
          "sensitive_attributes": []
        }
      ]
    },
    {
      "mode": "data",
      "type": "azurerm_virtual_network",
      "name": "hub",
      "provider": "provider[\"registry.terraform.io/hashicorp/azurerm\"]",
      "instances": [
        {
          "schema_version": 0,
          "attributes": {
            "address_space": [
              "10.0.0.0/16"
            ],
            "dns_servers": null,
            "guid": "b29569ad-13b9-4355-a0f2-8fdb0e2234d5",
            "id": "/subscriptions/9734ed68-621d-47ed-babd-269110dbacb1/resourceGroups/945-83973b07-create-and-peer-an-application-virtua/providers/Microsoft.Network/virtualNetworks/globomatics-hub-network",
            "location": "eastus",
            "name": "globomatics-hub-network",
            "resource_group_name": "945-83973b07-create-and-peer-an-application-virtua",
            "subnets": [
              "security",
              "domain-services"
            ],
            "tags": {},
            "timeouts": null,
            "vnet_peerings": {},
            "vnet_peerings_addresses": []
          },
          "sensitive_attributes": []
        }
      ]
    },
    {
      "mode": "managed",
      "type": "azurerm_virtual_network_peering",
      "name": "hubtospoke",
      "provider": "provider[\"registry.terraform.io/hashicorp/azurerm\"]",
      "instances": [
        {
          "schema_version": 0,
          "attributes": {
            "allow_forwarded_traffic": false,
            "allow_gateway_transit": false,
            "allow_virtual_network_access": true,
            "id": "/subscriptions/9734ed68-621d-47ed-babd-269110dbacb1/resourceGroups/945-83973b07-create-and-peer-an-application-virtua/providers/Microsoft.Network/virtualNetworks/globomatics-hub-network/virtualNetworkPeerings/globomatics-hub-network-to-tacowagon-taconet",
            "local_subnet_names": null,
            "name": "globomatics-hub-network-to-tacowagon-taconet",
            "only_ipv6_peering_enabled": false,
            "peer_complete_virtual_networks_enabled": true,
            "remote_subnet_names": null,
            "remote_virtual_network_id": "/subscriptions/9734ed68-621d-47ed-babd-269110dbacb1/resourceGroups/945-83973b07-create-and-peer-an-application-virtua/providers/Microsoft.Network/virtualNetworks/tacowagon-taconet",
            "resource_group_name": "945-83973b07-create-and-peer-an-application-virtua",
            "timeouts": null,
            "triggers": null,
            "use_remote_gateways": false,
            "virtual_network_name": "globomatics-hub-network"
          },
          "sensitive_attributes": [],
          "private": "eyJlMmJmYjczMC1lY2FhLTExZTYtOGY4OC0zNDM2M2JjN2M0YzAiOnsiY3JlYXRlIjoxODAwMDAwMDAwMDAwLCJkZWxldGUiOjE4MDAwMDAwMDAwMDAsInJlYWQiOjMwMDAwMDAwMDAwMCwidXBkYXRlIjoxODAwMDAwMDAwMDAwfX0=",
          "dependencies": [
            "data.azurerm_resource_group.main",
            "module.vnet.azurerm_virtual_network.vnet"
          ]
        }
      ]
    },
    {
      "mode": "managed",
      "type": "azurerm_virtual_network_peering",
      "name": "spoketoHub",
      "provider": "provider[\"registry.terraform.io/hashicorp/azurerm\"]",
      "instances": [
        {
          "schema_version": 0,
          "attributes": {
            "allow_forwarded_traffic": false,
            "allow_gateway_transit": false,
            "allow_virtual_network_access": true,
            "id": "/subscriptions/9734ed68-621d-47ed-babd-269110dbacb1/resourceGroups/945-83973b07-create-and-peer-an-application-virtua/providers/Microsoft.Network/virtualNetworks/tacowagon-taconet/virtualNetworkPeerings/tacowagon-taconet-to-globomatics-hub-network",
            "local_subnet_names": null,
            "name": "tacowagon-taconet-to-globomatics-hub-network",
            "only_ipv6_peering_enabled": false,
            "peer_complete_virtual_networks_enabled": true,
            "remote_subnet_names": null,
            "remote_virtual_network_id": "/subscriptions/9734ed68-621d-47ed-babd-269110dbacb1/resourceGroups/945-83973b07-create-and-peer-an-application-virtua/providers/Microsoft.Network/virtualNetworks/globomatics-hub-network",
            "resource_group_name": "945-83973b07-create-and-peer-an-application-virtua",
            "timeouts": null,
            "triggers": null,
            "use_remote_gateways": false,
            "virtual_network_name": "tacowagon-taconet"
          },
          "sensitive_attributes": [],
          "private": "eyJlMmJmYjczMC1lY2FhLTExZTYtOGY4OC0zNDM2M2JjN2M0YzAiOnsiY3JlYXRlIjoxODAwMDAwMDAwMDAwLCJkZWxldGUiOjE4MDAwMDAwMDAwMDAsInJlYWQiOjMwMDAwMDAwMDAwMCwidXBkYXRlIjoxODAwMDAwMDAwMDAwfX0=",
          "dependencies": [
            "data.azurerm_resource_group.main",
            "data.azurerm_virtual_network.hub",
            "module.vnet.azurerm_virtual_network.vnet"
          ]
        }
      ]
    },
    {
      "module": "module.vnet",
      "mode": "data",
      "type": "azurerm_client_config",
      "name": "telemetry",
      "provider": "provider[\"registry.terraform.io/hashicorp/azurerm\"]",
      "instances": [
        {
          "index_key": 0,
          "schema_version": 0,
          "attributes": {
            "client_id": "04b07795-8ddb-461a-bbee-02f9e1bf7b46",
            "id": "Y2xpZW50Q29uZmlncy9jbGllbnRJZD0wNGIwNzc5NS04ZGRiLTQ2MWEtYmJlZS0wMmY5ZTFiZjdiNDY7b2JqZWN0SWQ9MDExODcxMjctNjQ5YS00NDg0LWJmOWItYjRhYTZhZmJlNzRkO3N1YnNjcmlwdGlvbklkPTk3MzRlZDY4LTYyMWQtNDdlZC1iYWJkLTI2OTExMGRiYWNiMTt0ZW5hbnRJZD04NGYxZTRlYS04NTU0LTQzZTEtODcwOS1mMGI4NTg5ZWExMTg=",
            "object_id": "01187127-649a-4484-bf9b-b4aa6afbe74d",
            "subscription_id": "9734ed68-621d-47ed-babd-269110dbacb1",
            "tenant_id": "84f1e4ea-8554-43e1-8709-f0b8589ea118",
            "timeouts": null
          },
          "sensitive_attributes": []
        }
      ]
    },
    {
      "module": "module.vnet",
      "mode": "data",
      "type": "modtm_module_source",
      "name": "telemetry",
      "provider": "provider[\"registry.terraform.io/azure/modtm\"]",
      "instances": [
        {
          "index_key": 0,
          "schema_version": 0,
          "attributes": {
            "module_path": ".terraform/modules/vnet",
            "module_source": "registry.terraform.io/Azure/vnet/azurerm",
            "module_version": "5.0.0"
          },
          "sensitive_attributes": []
        }
      ]
    },
    {
      "module": "module.vnet",
      "mode": "managed",
      "type": "azurerm_subnet",
      "name": "subnet_for_each",
      "provider": "provider[\"registry.terraform.io/hashicorp/azurerm\"]",
      "instances": [
        {
          "index_key": "app",
          "schema_version": 0,
          "attributes": {
            "address_prefixes": [
              "10.42.1.0/24"
            ],
            "default_outbound_access_enabled": true,
            "delegation": [],
            "id": "/subscriptions/9734ed68-621d-47ed-babd-269110dbacb1/resourceGroups/945-83973b07-create-and-peer-an-application-virtua/providers/Microsoft.Network/virtualNetworks/tacowagon-taconet/subnets/app",
            "name": "app",
            "private_endpoint_network_policies": "Enabled",
            "private_link_service_network_policies_enabled": true,
            "resource_group_name": "945-83973b07-create-and-peer-an-application-virtua",
            "service_endpoint_policy_ids": [],
            "service_endpoints": [],
            "timeouts": null,
            "virtual_network_name": "tacowagon-taconet"
          },
          "sensitive_attributes": [],
          "private": "eyJlMmJmYjczMC1lY2FhLTExZTYtOGY4OC0zNDM2M2JjN2M0YzAiOnsiY3JlYXRlIjoxODAwMDAwMDAwMDAwLCJkZWxldGUiOjE4MDAwMDAwMDAwMDAsInJlYWQiOjMwMDAwMDAwMDAwMCwidXBkYXRlIjoxODAwMDAwMDAwMDAwfX0=",
          "dependencies": [
            "data.azurerm_resource_group.main",
            "module.vnet.azurerm_virtual_network.vnet",
            "module.vnet.azurerm_virtual_network_dns_servers.this"
          ]
        },
        {
          "index_key": "web",
          "schema_version": 0,
          "attributes": {
            "address_prefixes": [
              "10.42.0.0/24"
            ],
            "default_outbound_access_enabled": true,
            "delegation": [],
            "id": "/subscriptions/9734ed68-621d-47ed-babd-269110dbacb1/resourceGroups/945-83973b07-create-and-peer-an-application-virtua/providers/Microsoft.Network/virtualNetworks/tacowagon-taconet/subnets/web",
            "name": "web",
            "private_endpoint_network_policies": "Enabled",
            "private_link_service_network_policies_enabled": true,
            "resource_group_name": "945-83973b07-create-and-peer-an-application-virtua",
            "service_endpoint_policy_ids": [],
            "service_endpoints": [],
            "timeouts": null,
            "virtual_network_name": "tacowagon-taconet"
          },
          "sensitive_attributes": [],
          "private": "eyJlMmJmYjczMC1lY2FhLTExZTYtOGY4OC0zNDM2M2JjN2M0YzAiOnsiY3JlYXRlIjoxODAwMDAwMDAwMDAwLCJkZWxldGUiOjE4MDAwMDAwMDAwMDAsInJlYWQiOjMwMDAwMDAwMDAwMCwidXBkYXRlIjoxODAwMDAwMDAwMDAwfX0=",
          "dependencies": [
            "data.azurerm_resource_group.main",
            "module.vnet.azurerm_virtual_network.vnet",
            "module.vnet.azurerm_virtual_network_dns_servers.this"
          ]
        }
      ]
    },
    {
      "module": "module.vnet",
      "mode": "managed",
      "type": "azurerm_virtual_network",
      "name": "vnet",
      "provider": "provider[\"registry.terraform.io/hashicorp/azurerm\"]",
      "instances": [
        {
          "schema_version": 0,
          "attributes": {
            "address_space": [
              "10.42.0.0/16"
            ],
            "bgp_community": "",
            "ddos_protection_plan": [],
            "dns_servers": [],
            "edge_zone": "",
            "encryption": [],
            "flow_timeout_in_minutes": 0,
            "guid": "cf741acd-cef2-4803-9da6-fa6b116b0f99",
            "id": "/subscriptions/9734ed68-621d-47ed-babd-269110dbacb1/resourceGroups/945-83973b07-create-and-peer-an-application-virtua/providers/Microsoft.Network/virtualNetworks/tacowagon-taconet",
            "location": "eastus",
            "name": "tacowagon-taconet",
            "private_endpoint_vnet_policies": "Disabled",
            "resource_group_name": "945-83973b07-create-and-peer-an-application-virtua",
            "subnet": [
              {
                "address_prefixes": [
                  "10.42.0.0/24"
                ],
                "default_outbound_access_enabled": true,
                "delegation": [],
                "id": "/subscriptions/9734ed68-621d-47ed-babd-269110dbacb1/resourceGroups/945-83973b07-create-and-peer-an-application-virtua/providers/Microsoft.Network/virtualNetworks/tacowagon-taconet/subnets/web",
                "name": "web",
                "private_endpoint_network_policies": "Enabled",
                "private_link_service_network_policies_enabled": true,
                "route_table_id": "",
                "security_group": "",
                "service_endpoint_policy_ids": [],
                "service_endpoints": []
              },
              {
                "address_prefixes": [
                  "10.42.1.0/24"
                ],
                "default_outbound_access_enabled": true,
                "delegation": [],
                "id": "/subscriptions/9734ed68-621d-47ed-babd-269110dbacb1/resourceGroups/945-83973b07-create-and-peer-an-application-virtua/providers/Microsoft.Network/virtualNetworks/tacowagon-taconet/subnets/app",
                "name": "app",
                "private_endpoint_network_policies": "Enabled",
                "private_link_service_network_policies_enabled": true,
                "route_table_id": "",
                "security_group": "",
                "service_endpoint_policy_ids": [],
                "service_endpoints": []
              }
            ],
            "tags": {
              "environment": "dev"
            },
            "timeouts": null
          },
          "sensitive_attributes": [],
          "private": "eyJlMmJmYjczMC1lY2FhLTExZTYtOGY4OC0zNDM2M2JjN2M0YzAiOnsiY3JlYXRlIjoxODAwMDAwMDAwMDAwLCJkZWxldGUiOjE4MDAwMDAwMDAwMDAsInJlYWQiOjMwMDAwMDAwMDAwMCwidXBkYXRlIjoxODAwMDAwMDAwMDAwfX0=",
          "dependencies": [
            "data.azurerm_resource_group.main"
          ]
        }
      ]
    },
    {
      "module": "module.vnet",
      "mode": "managed",
      "type": "azurerm_virtual_network_dns_servers",
      "name": "this",
      "provider": "provider[\"registry.terraform.io/hashicorp/azurerm\"]",
      "instances": [
        {
          "index_key": 0,
          "schema_version": 0,
          "attributes": {
            "dns_servers": [],
            "id": "/subscriptions/9734ed68-621d-47ed-babd-269110dbacb1/resourceGroups/945-83973b07-create-and-peer-an-application-virtua/providers/Microsoft.Network/virtualNetworks/tacowagon-taconet/dnsServers/default",
            "timeouts": null,
            "virtual_network_id": "/subscriptions/9734ed68-621d-47ed-babd-269110dbacb1/resourceGroups/945-83973b07-create-and-peer-an-application-virtua/providers/Microsoft.Network/virtualNetworks/tacowagon-taconet"
          },
          "sensitive_attributes": [],
          "private": "eyJlMmJmYjczMC1lY2FhLTExZTYtOGY4OC0zNDM2M2JjN2M0YzAiOnsiY3JlYXRlIjoxODAwMDAwMDAwMDAwLCJkZWxldGUiOjE4MDAwMDAwMDAwMDAsInJlYWQiOjMwMDAwMDAwMDAwMCwidXBkYXRlIjoxODAwMDAwMDAwMDAwfX0=",
          "dependencies": [
            "data.azurerm_resource_group.main",
            "module.vnet.azurerm_virtual_network.vnet"
          ]
        }
      ]
    },
    {
      "module": "module.vnet",
      "mode": "managed",
      "type": "modtm_telemetry",
      "name": "telemetry",
      "provider": "provider[\"registry.terraform.io/azure/modtm\"]",
      "instances": [
        {
          "index_key": 0,
          "schema_version": 0,
          "attributes": {
            "endpoint": null,
            "ephemeral_number": null,
            "id": "b2dba584-ccf2-4011-8e21-e039afc21e2e",
            "nonce": null,
            "tags": {
              "module_source": "registry.terraform.io/Azure/vnet/azurerm",
              "module_version": "5.0.0",
              "random_id": "442a6c8e-658c-8725-a590-081064af1fc5",
              "subscription_id": "9734ed68-621d-47ed-babd-269110dbacb1",
              "tenant_id": "84f1e4ea-8554-43e1-8709-f0b8589ea118"
            }
          },
          "sensitive_attributes": [],
          "dependencies": [
            "module.vnet.data.azurerm_client_config.telemetry",
            "module.vnet.data.modtm_module_source.telemetry",
            "module.vnet.random_uuid.telemetry"
          ]
        }
      ]
    },
    {
      "module": "module.vnet",
      "mode": "managed",
      "type": "random_uuid",
      "name": "telemetry",
      "provider": "provider[\"registry.terraform.io/hashicorp/random\"]",
      "instances": [
        {
          "index_key": 0,
          "schema_version": 0,
          "attributes": {
            "id": "442a6c8e-658c-8725-a590-081064af1fc5",
            "keepers": null,
            "result": "442a6c8e-658c-8725-a590-081064af1fc5"
          },
          "sensitive_attributes": []
        }
      ]
    }
  ],
  "check_results": null
}
