{
  "version": 4,
  "terraform_version": "1.11.2",
  "serial": 12,
  "lineage": "32a41d91-427c-a76d-c7fe-a689cc2a48ec",
  "outputs": {
    "public_ip": {
      "value": [
        "20.169.235.244"
      ],
      "type": [
        "tuple",
        [
          "string"
        ]
      ]
    },
    "subnet_id": {
      "value": "/subscriptions/2213e8b1-dbc7-4d54-8aff-b5e315df5e5b/resourceGroups/943-96367d00-deploy-an-azure-vm-scale-set-with-loa/providers/Microsoft.Network/virtualNetworks/taco-wagon-app/subnets/web",
      "type": "string"
    }
  },
  "resources": [
    {
      "mode": "data",
      "type": "azurerm_resource_group",
      "name": "rg",
      "provider": "provider[\"registry.terraform.io/hashicorp/azurerm\"]",
      "instances": [
        {
          "schema_version": 0,
          "attributes": {
            "id": "/subscriptions/2213e8b1-dbc7-4d54-8aff-b5e315df5e5b/resourceGroups/943-96367d00-deploy-an-azure-vm-scale-set-with-loa",
            "location": "eastus",
            "managed_by": "",
            "name": "943-96367d00-deploy-an-azure-vm-scale-set-with-loa",
            "tags": {},
            "timeouts": null
          },
          "sensitive_attributes": []
        }
      ]
    },
    {
      "mode": "data",
      "type": "azurerm_subnet",
      "name": "web",
      "provider": "provider[\"registry.terraform.io/hashicorp/azurerm\"]",
      "instances": [
        {
          "schema_version": 0,
          "attributes": {
            "address_prefix": "10.42.0.0/24",
            "address_prefixes": [
              "10.42.0.0/24"
            ],
            "default_outbound_access_enabled": true,
            "id": "/subscriptions/2213e8b1-dbc7-4d54-8aff-b5e315df5e5b/resourceGroups/943-96367d00-deploy-an-azure-vm-scale-set-with-loa/providers/Microsoft.Network/virtualNetworks/taco-wagon-app/subnets/web",
            "name": "web",
            "network_security_group_id": "",
            "private_endpoint_network_policies": "Disabled",
            "private_link_service_network_policies_enabled": true,
            "resource_group_name": "943-96367d00-deploy-an-azure-vm-scale-set-with-loa",
            "route_table_id": "",
            "service_endpoints": [],
            "timeouts": null,
            "virtual_network_name": "taco-wagon-app"
          },
          "sensitive_attributes": []
        }
      ]
    },
    {
      "mode": "managed",
      "type": "azurerm_linux_virtual_machine_scale_set",
      "name": "taco",
      "provider": "provider[\"registry.terraform.io/hashicorp/azurerm\"]",
      "instances": [
        {
          "schema_version": 0,
          "attributes": {
            "additional_capabilities": [],
            "admin_password": null,
            "admin_ssh_key": [
              {
                "public_key": "ssh-rsa AAAAB3NzaC1yc2EAAAADAQABAAACAQDTONNflx+xbwecXRNcDVJiUCvt3AsiI1eXpQlqpdpVRPC/dI2ehXO+AXqqHq8jrrH0KQEQlTzOvn/3zaZJsDX/M+8qKF2GQIdl5JfRwPQC2DyZ7DkF1Lo0bLs9vkTJrgcWCh4jeWmHAckflqvm8TU8gPSEHedUCjZQ7iXqqUnn21mEVD+MzUfc4IMqogTMoIPMOdksYEXCo9wdwzVT6WSU/qdNSlIICKhD1xYsDW4k3Mcurkk0uEaT8Ts8mDR+aQWMFkvCqUtHI7p8dtiD+rt9rN1pZ+t43IB9Tq961eWDRGXpr/3rB0kyvqfZXz6bVq3cuDpj5t0nfDnGhr/B8BG6J1LgDznkGL6EYHjeyIrbEgAph2U3M810+VgVAcM8R4vemc7ubtUck+HSAWXJ60HwC52rIjTbBfUtpbA35bNyMvHLwckPqK24k0zcR0KeyiNeSo58DlkuLRm/5s5YpQQ4mD/PTxcq/wccGX2tj3oGK2Ge2KbmpqOecEmgbXBj+uoksUd5SwHeutUmZDPSejHGQj2SvSLOucCrQbJcMzqiIZhuQbERTFObFPy8mm7vktrQhlopG+NZsv2W4U8tKelCwxFxzsEroBsgTPOSCz4r2RWKDFP/WPJLZtBy0leGZxNFUQ6SYqpFG7YYC5pckclNNNVt1Ooh01oo1hh1Mj8jOQ==\n",
                "username": "adminuser"
              }
            ],
            "admin_username": "adminuser",
            "automatic_instance_repair": [],
            "automatic_os_upgrade_policy": [],
            "boot_diagnostics": [],
            "capacity_reservation_group_id": "",
            "computer_name_prefix": "pranu-vmss",
            "custom_data": "IyEvYmluL2Jhc2gNCg0KIyBTZXR1cCBsb2dnaW5nDQpsb2dmaWxlPSIvaG9tZS9hZG1pbnVzZXIvY3VzdG9tLWRhdGEubG9nIg0KZXhlYyA+ICRsb2dmaWxlIDI+JjENCg0KcHl0aG9uMyAtVg0Kc3VkbyBhcHQgdXBkYXRlDQpzdWRvIGFwdCBpbnN0YWxsIC15IHB5dGhvbjMtcGlwIHB5dGhvbjMtZmxhc2sNCnB5dGhvbjMgLW0gZmxhc2sgLS12ZXJzaW9uDQoNCnN1ZG8gY2F0IDw8IEVPRiA+IC9ob21lL2FkbWludXNlci9oZWxsby5weQ0KZnJvbSBmbGFzayBpbXBvcnQgRmxhc2sNCmltcG9ydCByZXF1ZXN0cw0KDQphcHAgPSBGbGFzayhfX25hbWVfXykNCg0KaW1wb3J0IHJlcXVlc3RzDQpAYXBwLnJvdXRlKCcvJykNCmRlZiBoZWxsb193b3JsZCgpOg0KICAgIHJldHVybiAiIiI8IURPQ1RZUEUgaHRtbD4NCjxodG1sPg0KPG1ldGEgY2hhcnNldD0iVVRGLTgiPg0KPGhlYWQ+DQogICAgPHRpdGxlPlRhY28gV2Fnb248L3RpdGxlPg0KPC9oZWFkPg0KPGJvZHk+DQogICAgPGgxPk1PQVIhIE1PQVIh8J+al/CfjK7wn4yu8J+MrjwvaDE+DQo8L2JvZHk+DQo8L2h0bWw+IiIiDQpFT0YNCg0KY2htb2QgK3ggL2hvbWUvYWRtaW51c2VyL2hlbGxvLnB5DQoNCnN1ZG8gLWIgRkxBU0tfQVBQPS9ob21lL2FkbWludXNlci9oZWxsby5weSBmbGFzayBydW4gLS1ob3N0PTAuMC4wLjAgLS1wb3J0PTgwODA=",
            "data_disk": [],
            "disable_password_authentication": true,
            "do_not_run_extensions_on_overprovisioned_machines": false,
            "edge_zone": "",
            "encryption_at_host_enabled": false,
            "eviction_policy": "",
            "extension": [],
            "extension_operations_enabled": true,
            "extensions_time_budget": "PT1H30M",
            "gallery_application": [],
            "health_probe_id": "/subscriptions/2213e8b1-dbc7-4d54-8aff-b5e315df5e5b/resourceGroups/943-96367d00-deploy-an-azure-vm-scale-set-with-loa/providers/Microsoft.Network/loadBalancers/pranu-lb/probes/http",
            "host_group_id": null,
            "id": "/subscriptions/2213e8b1-dbc7-4d54-8aff-b5e315df5e5b/resourceGroups/943-96367d00-deploy-an-azure-vm-scale-set-with-loa/providers/Microsoft.Compute/virtualMachineScaleSets/pranu-vmss",
            "identity": [],
            "instances": 2,
            "location": "eastus",
            "max_bid_price": -1,
            "name": "pranu-vmss",
            "network_interface": [
              {
                "dns_servers": null,
                "enable_accelerated_networking": false,
                "enable_ip_forwarding": false,
                "ip_configuration": [
                  {
                    "application_gateway_backend_address_pool_ids": null,
                    "application_security_group_ids": null,
                    "load_balancer_backend_address_pool_ids": [
                      "/subscriptions/2213e8b1-dbc7-4d54-8aff-b5e315df5e5b/resourceGroups/943-96367d00-deploy-an-azure-vm-scale-set-with-loa/providers/Microsoft.Network/loadBalancers/pranu-lb/backendAddressPools/BackEndAddressPool"
                    ],
                    "load_balancer_inbound_nat_rules_ids": null,
                    "name": "taco-ip-cfg",
                    "primary": true,
                    "public_ip_address": [],
                    "subnet_id": "/subscriptions/2213e8b1-dbc7-4d54-8aff-b5e315df5e5b/resourceGroups/943-96367d00-deploy-an-azure-vm-scale-set-with-loa/providers/Microsoft.Network/virtualNetworks/taco-wagon-app/subnets/web",
                    "version": "IPv4"
                  }
                ],
                "name": "pranu-nic",
                "network_security_group_id": "/subscriptions/2213e8b1-dbc7-4d54-8aff-b5e315df5e5b/resourceGroups/943-96367d00-deploy-an-azure-vm-scale-set-with-loa/providers/Microsoft.Network/networkSecurityGroups/nsg-taco-wagon-app",
                "primary": true
              }
            ],
            "os_disk": [
              {
                "caching": "ReadWrite",
                "diff_disk_settings": [],
                "disk_encryption_set_id": "",
                "disk_size_gb": 30,
                "secure_vm_disk_encryption_set_id": "",
                "security_encryption_type": "",
                "storage_account_type": "Standard_LRS",
                "write_accelerator_enabled": false
              }
            ],
            "overprovision": true,
            "plan": [],
            "platform_fault_domain_count": 5,
            "priority": "Regular",
            "provision_vm_agent": true,
            "proximity_placement_group_id": "",
            "resource_group_name": "943-96367d00-deploy-an-azure-vm-scale-set-with-loa",
            "rolling_upgrade_policy": [],
            "scale_in": [],
            "secret": [],
            "secure_boot_enabled": false,
            "single_placement_group": true,
            "sku": "Standard_DS1_v2",
            "source_image_id": "",
            "source_image_reference": [
              {
                "offer": "0001-com-ubuntu-server-jammy",
                "publisher": "Canonical",
                "sku": "22_04-lts",
                "version": "latest"
              }
            ],
            "spot_restore": null,
            "tags": null,
            "termination_notification": null,
            "timeouts": null,
            "unique_id": "64185540-2123-4a8d-b5c2-d043771ec70f",
            "upgrade_mode": "Manual",
            "user_data": "",
            "vtpm_enabled": false,
            "zone_balance": false,
            "zones": null
          },
          "sensitive_attributes": [
            [
              {
                "type": "get_attr",
                "value": "admin_password"
              }
            ],
            [
              {
                "type": "get_attr",
                "value": "custom_data"
              }
            ]
          ],
          "private": "eyJlMmJmYjczMC1lY2FhLTExZTYtOGY4OC0zNDM2M2JjN2M0YzAiOnsiY3JlYXRlIjozNjAwMDAwMDAwMDAwLCJkZWxldGUiOjM2MDAwMDAwMDAwMDAsInJlYWQiOjMwMDAwMDAwMDAwMCwidXBkYXRlIjozNjAwMDAwMDAwMDAwfX0=",
          "dependencies": [
            "azurerm_network_security_group.nsg",
            "data.azurerm_resource_group.rg",
            "data.azurerm_subnet.web",
            "module.tacoweb.azurerm_lb.azlb",
            "module.tacoweb.azurerm_lb_backend_address_pool.azlb",
            "module.tacoweb.azurerm_lb_probe.azlb",
            "module.tacoweb.azurerm_public_ip.azlb",
            "module.tacoweb.data.azurerm_resource_group.azlb",
            "module.tacoweb.data.azurerm_subnet.snet",
            "tls_private_key.ssh"
          ]
        }
      ]
    },
    {
      "mode": "managed",
      "type": "azurerm_network_security_group",
      "name": "nsg",
      "provider": "provider[\"registry.terraform.io/hashicorp/azurerm\"]",
      "instances": [
        {
          "schema_version": 0,
          "attributes": {
            "id": "/subscriptions/2213e8b1-dbc7-4d54-8aff-b5e315df5e5b/resourceGroups/943-96367d00-deploy-an-azure-vm-scale-set-with-loa/providers/Microsoft.Network/networkSecurityGroups/nsg-taco-wagon-app",
            "location": "eastus",
            "name": "nsg-taco-wagon-app",
            "resource_group_name": "943-96367d00-deploy-an-azure-vm-scale-set-with-loa",
            "security_rule": [
              {
                "access": "Allow",
                "description": "",
                "destination_address_prefix": "*",
                "destination_address_prefixes": [],
                "destination_application_security_group_ids": [],
                "destination_port_range": "8080",
                "destination_port_ranges": [],
                "direction": "Inbound",
                "name": "http",
                "priority": 100,
                "protocol": "Tcp",
                "source_address_prefix": "*",
                "source_address_prefixes": [],
                "source_application_security_group_ids": [],
                "source_port_range": "*",
                "source_port_ranges": []
              }
            ],
            "tags": {},
            "timeouts": null
          },
          "sensitive_attributes": [],
          "private": "eyJlMmJmYjczMC1lY2FhLTExZTYtOGY4OC0zNDM2M2JjN2M0YzAiOnsiY3JlYXRlIjoxODAwMDAwMDAwMDAwLCJkZWxldGUiOjE4MDAwMDAwMDAwMDAsInJlYWQiOjMwMDAwMDAwMDAwMCwidXBkYXRlIjoxODAwMDAwMDAwMDAwfX0=",
          "dependencies": [
            "data.azurerm_resource_group.rg"
          ]
        }
      ]
    },
    {
      "mode": "managed",
      "type": "azurerm_network_security_rule",
      "name": "http",
      "provider": "provider[\"registry.terraform.io/hashicorp/azurerm\"]",
      "instances": [
        {
          "schema_version": 0,
          "attributes": {
            "access": "Allow",
            "description": "",
            "destination_address_prefix": "*",
            "destination_address_prefixes": [],
            "destination_application_security_group_ids": [],
            "destination_port_range": "8080",
            "destination_port_ranges": [],
            "direction": "Inbound",
            "id": "/subscriptions/2213e8b1-dbc7-4d54-8aff-b5e315df5e5b/resourceGroups/943-96367d00-deploy-an-azure-vm-scale-set-with-loa/providers/Microsoft.Network/networkSecurityGroups/nsg-taco-wagon-app/securityRules/http",
            "name": "http",
            "network_security_group_name": "nsg-taco-wagon-app",
            "priority": 100,
            "protocol": "Tcp",
            "resource_group_name": "943-96367d00-deploy-an-azure-vm-scale-set-with-loa",
            "source_address_prefix": "*",
            "source_address_prefixes": [],
            "source_application_security_group_ids": [],
            "source_port_range": "*",
            "source_port_ranges": [],
            "timeouts": null
          },
          "sensitive_attributes": [],
          "private": "eyJlMmJmYjczMC1lY2FhLTExZTYtOGY4OC0zNDM2M2JjN2M0YzAiOnsiY3JlYXRlIjoxODAwMDAwMDAwMDAwLCJkZWxldGUiOjE4MDAwMDAwMDAwMDAsInJlYWQiOjMwMDAwMDAwMDAwMCwidXBkYXRlIjoxODAwMDAwMDAwMDAwfX0=",
          "dependencies": [
            "azurerm_network_security_group.nsg",
            "data.azurerm_resource_group.rg"
          ]
        }
      ]
    },
    {
      "mode": "managed",
      "type": "tls_private_key",
      "name": "ssh",
      "provider": "provider[\"registry.terraform.io/hashicorp/tls\"]",
      "instances": [
        {
          "schema_version": 1,
          "attributes": {
            "algorithm": "RSA",
            "ecdsa_curve": "P224",
            "id": "a6ae8e72d92dd2c4865bdb2bea3c83c64864ea77",
            "private_key_openssh": "-----BEGIN OPENSSH PRIVATE KEY-----\nb3BlbnNzaC1rZXktdjEAAAAABG5vbmUAAAAEbm9uZQAAAAAAAAABAAACFwAAAAdz\nc2gtcnNhAAAAAwEAAQAAAgEA0zjTX5cfsW8HnF0TXA1SYlAr7dwLIiNXl6UJaqXa\nVUTwv3SNnoVzvgF6qh6vI66x9CkBEJU8zr5/982mSbA1/zPvKihdhkCHZeSX0cD0\nAtg8mew5BdS6NGy7Pb5Eya4HFgoeI3lphwHJH5ar5vE1PID0hB3nVAo2UO4l6qlJ\n59tZhFQ/jM1H3OCDKqIEzKCDzDnZLGBFwqPcHcM1U+lklP6nTUpSCAioQ9cWLA1u\nJNzHLq5JNLhGk/E7PJg0fmkFjBZLwqlLRyO6fHbYg/q7fazdaWfreNyAfU6vetXl\ng0Rl6a/96wdJMr6n2V8+m1at3Lg6Y+bdJ3w5xoa/wfARuidS4A855Bi+hGB43siK\n2xIAKYdlNzPNdPlYFQHDPEeL3pnO7m7VHJPh0gFlyetB8AudqyI02wX1LaWwN+Wz\ncjLxy8HJD6ituJNM3EdCnsojXkqOfA5ZLi0Zv+bOWKUEOJg/z08XKv8HHBl9rY96\nBithntim5qajnnBJoG1wY/rqJLFHeUsB3rrVJmQz0noxxkI9kr0izrnAq0GyXDM6\noiGYbkGxEUxTmxT8vJpu75La0IZaKRvjWbL9luFPLSnpQsMRcc7BK6AbIEzzkgs+\nK9kVigxT/1jyS2bQctJXhmcTRVEOkmKqRRu2GAuaXJHJTTTVbdTqIdNaKNYYdTI/\nIzkAAAc44kO6HuJDuh4AAAAHc3NoLXJzYQAAAgEA0zjTX5cfsW8HnF0TXA1SYlAr\n7dwLIiNXl6UJaqXaVUTwv3SNnoVzvgF6qh6vI66x9CkBEJU8zr5/982mSbA1/zPv\nKihdhkCHZeSX0cD0Atg8mew5BdS6NGy7Pb5Eya4HFgoeI3lphwHJH5ar5vE1PID0\nhB3nVAo2UO4l6qlJ59tZhFQ/jM1H3OCDKqIEzKCDzDnZLGBFwqPcHcM1U+lklP6n\nTUpSCAioQ9cWLA1uJNzHLq5JNLhGk/E7PJg0fmkFjBZLwqlLRyO6fHbYg/q7fazd\naWfreNyAfU6vetXlg0Rl6a/96wdJMr6n2V8+m1at3Lg6Y+bdJ3w5xoa/wfARuidS\n4A855Bi+hGB43siK2xIAKYdlNzPNdPlYFQHDPEeL3pnO7m7VHJPh0gFlyetB8Aud\nqyI02wX1LaWwN+WzcjLxy8HJD6ituJNM3EdCnsojXkqOfA5ZLi0Zv+bOWKUEOJg/\nz08XKv8HHBl9rY96Bithntim5qajnnBJoG1wY/rqJLFHeUsB3rrVJmQz0noxxkI9\nkr0izrnAq0GyXDM6oiGYbkGxEUxTmxT8vJpu75La0IZaKRvjWbL9luFPLSnpQsMR\ncc7BK6AbIEzzkgs+K9kVigxT/1jyS2bQctJXhmcTRVEOkmKqRRu2GAuaXJHJTTTV\nbdTqIdNaKNYYdTI/IzkAAAADAQABAAACAQCYDiGEgBuNtTtKYmrMar6zDboCGtVc\n9wpYnbOAtfLOTbnuae6FftbKou/2Re6ZBmsPNPGSSY0j3FntP3uFMrg8htuWgsaJ\nHi0augxdMMW4wogl2rtWKkT99oR4t193vLNXN2No8D96tFtgRSxtLZnAe6kK7ygY\nBN4DNt3O553PrsXrkGbLawBfzrQ+XbKMyMT4oXBpFMlDjIiqWFwskykYZZZ0+prB\nM9JGPDG29tgi61jsjwUeUcZlPFUDkyK/GcWnimlxskQB64OVlEzb/gU5PNeLyQbn\n0/0fuCR1jkQSUov3Rf3KU01rnXrh7kH4u9afvXQzdQAiK7i/5UNoTvXCuKze6vRT\n3xYa+n1D7jSAmAkE9JbVUAlojKDZv6sTNF68u+T54n075z60QniQoLgyo3sho/dn\n8DMs6wtGbvv5qh4CFwqIAnRxt0iHzcnccYpoRVRAHk7e+4C44sFY8BlpetsGFffl\n4+bcaxlf+NoQ4hsj9hQqkVv+W0FwxnGCDyrB6qdm9Xsjo9cS2GsXpDfmK3tuY3cH\nOwKIzsQkOoWF17BOLt99U49joFKqWay4B6PZS7+3SOIOwl2ZgPrScIaF6EdxfBj8\nKolSsZRMv+PyFFcHKVVeSxowNzGPicVInYCKiBzOSBXKuMxzzgdy2qSuazfYl+uV\n1YoOwfgfxqpwMQAAAQEA2ORa1Er9mONyzINBahHWev41ohRJUn4XeSDjVgr9Mv7p\n/GvOAcr7uPidyZv71XMIcOTlqLYGfwc9vMHkhMveCH506Bj19vuU/0YueQndlj/a\ngzYkA/eHCAzFURfRDFYmpWCIOufvpBtblTYM5rboLocz3euY0HcW2Vd+dvUet1tC\nGnu4pFNQlPSeKAAKeI6VZ1r+4XHcIrfUfo4Jeyn0Sapdthg/iLxqShs9Do7YA7J9\npQ4z9dLJ07CPuybLxjYdHmIhbGfTGVrFeg2D/449M2vFoQzYTE7oiA6hx2mnyLc5\nDWGHSLa9bSGX5vkjVvJmC0a8O+wpdgUvWKTJCP5PbgAAAQEA9mrueuXN3s0i6mXc\nbqb2dijxdbhf6Uqsso8fn+GPjtW4yUDcjoIAKxNN6YQ+5B9oSP7OHZVDe4WrOc0Z\ncGwabAEbKyWoJwR2B8fhg+k3nPbA4dxqVkaSsis6M1T1QhWNJnXlhhTnF5vyB1Ix\nqoO3FOApy7YZmLIn77FSloWxR9IUdhmNC5mQCuz51D7uQxMrGaml4u4zNYEOMBHc\ndYEsdSRH2HexzDP0qp8iefpU5PPdx++AQ4uZVcSBvLwWbh042w1eWp7XC4WKrevj\n51jlRzfuQIdN/m4paGWYw0cmrzSEWfnRCia62MSMgsq3KNUMn5XBonPAbUQf9qhF\nUmQShQAAAQEA22+GAzMTOpa3Bdl1DUPqRU6B5NLlIkRFHZZpdgTXm3svyjgDLKBd\nw8MIEomHzwH/pxFe3tzU+OZ/q0/0NtUY65AhZc4Y0Q84vzJa7ctZzIC/jTt+pVSy\nOX0WLi4BJi3nIAvsLZwQiovNBK0ZDO+zionH0z5m9W+KdrhwAM4Ze7zLk87rKcBN\nbw4jF06A/yEymwMNpgaDmRNHC+yiG1DfzAh2qEROPr16sXUWktJpuQKW3twHHDdv\nbO4B1sRv8sZge0NlGnLBWDijiMyTr84QEs/bI5CHnPZKq+oCbXPjI/2YhUQRr5IK\nL17Yk95DyalOWYQsXSeDR2hBYWlJTW9+JQAAAAAB\n-----END OPENSSH PRIVATE KEY-----\n",
            "private_key_pem": "-----BEGIN RSA PRIVATE KEY-----\nMIIJKgIBAAKCAgEA0zjTX5cfsW8HnF0TXA1SYlAr7dwLIiNXl6UJaqXaVUTwv3SN\nnoVzvgF6qh6vI66x9CkBEJU8zr5/982mSbA1/zPvKihdhkCHZeSX0cD0Atg8mew5\nBdS6NGy7Pb5Eya4HFgoeI3lphwHJH5ar5vE1PID0hB3nVAo2UO4l6qlJ59tZhFQ/\njM1H3OCDKqIEzKCDzDnZLGBFwqPcHcM1U+lklP6nTUpSCAioQ9cWLA1uJNzHLq5J\nNLhGk/E7PJg0fmkFjBZLwqlLRyO6fHbYg/q7fazdaWfreNyAfU6vetXlg0Rl6a/9\n6wdJMr6n2V8+m1at3Lg6Y+bdJ3w5xoa/wfARuidS4A855Bi+hGB43siK2xIAKYdl\nNzPNdPlYFQHDPEeL3pnO7m7VHJPh0gFlyetB8AudqyI02wX1LaWwN+WzcjLxy8HJ\nD6ituJNM3EdCnsojXkqOfA5ZLi0Zv+bOWKUEOJg/z08XKv8HHBl9rY96Bithntim\n5qajnnBJoG1wY/rqJLFHeUsB3rrVJmQz0noxxkI9kr0izrnAq0GyXDM6oiGYbkGx\nEUxTmxT8vJpu75La0IZaKRvjWbL9luFPLSnpQsMRcc7BK6AbIEzzkgs+K9kVigxT\n/1jyS2bQctJXhmcTRVEOkmKqRRu2GAuaXJHJTTTVbdTqIdNaKNYYdTI/IzkCAwEA\nAQKCAgEAmA4hhIAbjbU7SmJqzGq+sw26AhrVXPcKWJ2zgLXyzk257mnuhX7WyqLv\n9kXumQZrDzTxkkmNI9xZ7T97hTK4PIbbloLGiR4tGroMXTDFuMKIJdq7VipE/faE\neLdfd7yzVzdjaPA/erRbYEUsbS2ZwHupCu8oGATeAzbdzuedz67F65Bmy2sAX860\nPl2yjMjE+KFwaRTJQ4yIqlhcLJMpGGWWdPqawTPSRjwxtvbYIutY7I8FHlHGZTxV\nA5MivxnFp4ppcbJEAeuDlZRM2/4FOTzXi8kG59P9H7gkdY5EElKL90X9ylNNa516\n4e5B+LvWn710M3UAIiu4v+VDaE71wris3ur0U98WGvp9Q+40gJgJBPSW1VAJaIyg\n2b+rEzRevLvk+eJ9O+c+tEJ4kKC4MqN7IaP3Z/AzLOsLRm77+aoeAhcKiAJ0cbdI\nh83J3HGKaEVUQB5O3vuAuOLBWPAZaXrbBhX35ePm3GsZX/jaEOIbI/YUKpFb/ltB\ncMZxgg8qweqnZvV7I6PXEthrF6Q35it7bmN3BzsCiM7EJDqFhdewTi7ffVOPY6BS\nqlmsuAej2Uu/t0jiDsJdmYD60nCGhehHcXwY/CqJUrGUTL/j8hRXBylVXksaMDcx\nj4nFSJ2AiogczkgVyrjMc84Hctqkrms32JfrldWKDsH4H8aqcDECggEBAPZq7nrl\nzd7NIupl3G6m9nYo8XW4X+lKrLKPH5/hj47VuMlA3I6CACsTTemEPuQfaEj+zh2V\nQ3uFqznNGXBsGmwBGyslqCcEdgfH4YPpN5z2wOHcalZGkrIrOjNU9UIVjSZ15YYU\n5xeb8gdSMaqDtxTgKcu2GZiyJ++xUpaFsUfSFHYZjQuZkArs+dQ+7kMTKxmppeLu\nMzWBDjAR3HWBLHUkR9h3scwz9KqfInn6VOTz3cfvgEOLmVXEgby8Fm4dONsNXlqe\n1wuFiq3r4+dY5Uc37kCHTf5uKWhlmMNHJq80hFn50QomutjEjILKtyjVDJ+VwaJz\nwG1EH/aoRVJkEoUCggEBANtvhgMzEzqWtwXZdQ1D6kVOgeTS5SJERR2WaXYE15t7\nL8o4AyygXcPDCBKJh88B/6cRXt7c1Pjmf6tP9DbVGOuQIWXOGNEPOL8yWu3LWcyA\nv407fqVUsjl9Fi4uASYt5yAL7C2cEIqLzQStGQzvs4qJx9M+ZvVvina4cADOGXu8\ny5PO6ynATW8OIxdOgP8hMpsDDaYGg5kTRwvsohtQ38wIdqhETj69erF1FpLSabkC\nlt7cBxw3b2zuAdbEb/LGYHtDZRpywVg4o4jMk6/OEBLP2yOQh5z2SqvqAm1z4yP9\nmIVEEa+SCi9e2JPeQ8mpTlmELF0ng0doQWFpSU1vfiUCggEBAL6v8wpBqTVf80QG\nPTWXmKPJfUkGu5nRwqCO5v8XUrtKoiuDOOpCqZSr5J/vSafIsi/ClogICOeegelB\n0QzRawTnOjoCcwR2jEvrHpWwtOuPe6WMpvFKvZyInQo6FWzlNoxrsYk3xbjcYcfO\nkEaOlO/fpBhTO62ROBxhUTLQFGcqp9DYZvByDiiWR6I6bLCVNcYvJQLeJ9ygmPUT\n7VE0+81OnRZjUcBe+FfMu6Y+1NEz8g0VRmF+ttLLNUZzGrxteqDw0HI59tmgprd+\nEqflf8/D9WgUDIP2ha6W6Ec9WS896amjC2Paor66Iq3X5zL+4zzfa6+l+WPU0xNS\nFgrzC+0CggEAZq5yDE87IUBjVnZiYpm0J0hMWhIhrH47xVOb9+DeL2BehYbeXWSR\nW8iIn3wBs+lggwIK3ciCVBIwDa71PS9MYPZp2mStki5IRJfAmuN8GsjoWaNMaPsQ\nBvy0g1l9qiryqzlJBDKyPtKaViTVwwrrfdlpSz05GoJeTZ2Ss529qPw4WusJedkF\nowD/hKl0jW4wav7rxRPpQpkVtsu9M4ENqEERnT2RS6SIpD+BF6UkWbGPfauCHD8I\ngfWBoMj9BaK0hRmNVun59VlTlPD97tdDCDqBdcvs2ZMacAWpqyP+VtoVI88tY3W4\nFGCSgecQ223BPvwtck3KDYEIjxegeH7CjQKCAQEA2ORa1Er9mONyzINBahHWev41\nohRJUn4XeSDjVgr9Mv7p/GvOAcr7uPidyZv71XMIcOTlqLYGfwc9vMHkhMveCH50\n6Bj19vuU/0YueQndlj/agzYkA/eHCAzFURfRDFYmpWCIOufvpBtblTYM5rboLocz\n3euY0HcW2Vd+dvUet1tCGnu4pFNQlPSeKAAKeI6VZ1r+4XHcIrfUfo4Jeyn0Sapd\nthg/iLxqShs9Do7YA7J9pQ4z9dLJ07CPuybLxjYdHmIhbGfTGVrFeg2D/449M2vF\noQzYTE7oiA6hx2mnyLc5DWGHSLa9bSGX5vkjVvJmC0a8O+wpdgUvWKTJCP5Pbg==\n-----END RSA PRIVATE KEY-----\n",
            "private_key_pem_pkcs8": "-----BEGIN PRIVATE KEY-----\nMIIJRAIBADANBgkqhkiG9w0BAQEFAASCCS4wggkqAgEAAoICAQDTONNflx+xbwec\nXRNcDVJiUCvt3AsiI1eXpQlqpdpVRPC/dI2ehXO+AXqqHq8jrrH0KQEQlTzOvn/3\nzaZJsDX/M+8qKF2GQIdl5JfRwPQC2DyZ7DkF1Lo0bLs9vkTJrgcWCh4jeWmHAckf\nlqvm8TU8gPSEHedUCjZQ7iXqqUnn21mEVD+MzUfc4IMqogTMoIPMOdksYEXCo9wd\nwzVT6WSU/qdNSlIICKhD1xYsDW4k3Mcurkk0uEaT8Ts8mDR+aQWMFkvCqUtHI7p8\ndtiD+rt9rN1pZ+t43IB9Tq961eWDRGXpr/3rB0kyvqfZXz6bVq3cuDpj5t0nfDnG\nhr/B8BG6J1LgDznkGL6EYHjeyIrbEgAph2U3M810+VgVAcM8R4vemc7ubtUck+HS\nAWXJ60HwC52rIjTbBfUtpbA35bNyMvHLwckPqK24k0zcR0KeyiNeSo58DlkuLRm/\n5s5YpQQ4mD/PTxcq/wccGX2tj3oGK2Ge2KbmpqOecEmgbXBj+uoksUd5SwHeutUm\nZDPSejHGQj2SvSLOucCrQbJcMzqiIZhuQbERTFObFPy8mm7vktrQhlopG+NZsv2W\n4U8tKelCwxFxzsEroBsgTPOSCz4r2RWKDFP/WPJLZtBy0leGZxNFUQ6SYqpFG7YY\nC5pckclNNNVt1Ooh01oo1hh1Mj8jOQIDAQABAoICAQCYDiGEgBuNtTtKYmrMar6z\nDboCGtVc9wpYnbOAtfLOTbnuae6FftbKou/2Re6ZBmsPNPGSSY0j3FntP3uFMrg8\nhtuWgsaJHi0augxdMMW4wogl2rtWKkT99oR4t193vLNXN2No8D96tFtgRSxtLZnA\ne6kK7ygYBN4DNt3O553PrsXrkGbLawBfzrQ+XbKMyMT4oXBpFMlDjIiqWFwskykY\nZZZ0+prBM9JGPDG29tgi61jsjwUeUcZlPFUDkyK/GcWnimlxskQB64OVlEzb/gU5\nPNeLyQbn0/0fuCR1jkQSUov3Rf3KU01rnXrh7kH4u9afvXQzdQAiK7i/5UNoTvXC\nuKze6vRT3xYa+n1D7jSAmAkE9JbVUAlojKDZv6sTNF68u+T54n075z60QniQoLgy\no3sho/dn8DMs6wtGbvv5qh4CFwqIAnRxt0iHzcnccYpoRVRAHk7e+4C44sFY8Blp\netsGFffl4+bcaxlf+NoQ4hsj9hQqkVv+W0FwxnGCDyrB6qdm9Xsjo9cS2GsXpDfm\nK3tuY3cHOwKIzsQkOoWF17BOLt99U49joFKqWay4B6PZS7+3SOIOwl2ZgPrScIaF\n6EdxfBj8KolSsZRMv+PyFFcHKVVeSxowNzGPicVInYCKiBzOSBXKuMxzzgdy2qSu\nazfYl+uV1YoOwfgfxqpwMQKCAQEA9mrueuXN3s0i6mXcbqb2dijxdbhf6Uqsso8f\nn+GPjtW4yUDcjoIAKxNN6YQ+5B9oSP7OHZVDe4WrOc0ZcGwabAEbKyWoJwR2B8fh\ng+k3nPbA4dxqVkaSsis6M1T1QhWNJnXlhhTnF5vyB1IxqoO3FOApy7YZmLIn77FS\nloWxR9IUdhmNC5mQCuz51D7uQxMrGaml4u4zNYEOMBHcdYEsdSRH2HexzDP0qp8i\nefpU5PPdx++AQ4uZVcSBvLwWbh042w1eWp7XC4WKrevj51jlRzfuQIdN/m4paGWY\nw0cmrzSEWfnRCia62MSMgsq3KNUMn5XBonPAbUQf9qhFUmQShQKCAQEA22+GAzMT\nOpa3Bdl1DUPqRU6B5NLlIkRFHZZpdgTXm3svyjgDLKBdw8MIEomHzwH/pxFe3tzU\n+OZ/q0/0NtUY65AhZc4Y0Q84vzJa7ctZzIC/jTt+pVSyOX0WLi4BJi3nIAvsLZwQ\niovNBK0ZDO+zionH0z5m9W+KdrhwAM4Ze7zLk87rKcBNbw4jF06A/yEymwMNpgaD\nmRNHC+yiG1DfzAh2qEROPr16sXUWktJpuQKW3twHHDdvbO4B1sRv8sZge0NlGnLB\nWDijiMyTr84QEs/bI5CHnPZKq+oCbXPjI/2YhUQRr5IKL17Yk95DyalOWYQsXSeD\nR2hBYWlJTW9+JQKCAQEAvq/zCkGpNV/zRAY9NZeYo8l9SQa7mdHCoI7m/xdSu0qi\nK4M46kKplKvkn+9Jp8iyL8KWiAgI556B6UHRDNFrBOc6OgJzBHaMS+selbC06497\npYym8Uq9nIidCjoVbOU2jGuxiTfFuNxhx86QRo6U79+kGFM7rZE4HGFRMtAUZyqn\n0Nhm8HIOKJZHojpssJU1xi8lAt4n3KCY9RPtUTT7zU6dFmNRwF74V8y7pj7U0TPy\nDRVGYX620ss1RnMavG16oPDQcjn22aCmt34Sp+V/z8P1aBQMg/aFrpboRz1ZLz3p\nqaMLY9qivroirdfnMv7jPN9rr6X5Y9TTE1IWCvML7QKCAQBmrnIMTzshQGNWdmJi\nmbQnSExaEiGsfjvFU5v34N4vYF6Fht5dZJFbyIiffAGz6WCDAgrdyIJUEjANrvU9\nL0xg9mnaZK2SLkhEl8Ca43wayOhZo0xo+xAG/LSDWX2qKvKrOUkEMrI+0ppWJNXD\nCut92WlLPTkagl5NnZKznb2o/Dha6wl52QWjAP+EqXSNbjBq/uvFE+lCmRW2y70z\ngQ2oQRGdPZFLpIikP4EXpSRZsY99q4IcPwiB9YGgyP0ForSFGY1W6fn1WVOU8P3u\n10MIOoF1y+zZkxpwBamrI/5W2hUjzy1jdbgUYJKB5xDbbcE+/C1yTcoNgQiPF6B4\nfsKNAoIBAQDY5FrUSv2Y43LMg0FqEdZ6/jWiFElSfhd5IONWCv0y/un8a84Byvu4\n+J3Jm/vVcwhw5OWotgZ/Bz28weSEy94IfnToGPX2+5T/Ri55Cd2WP9qDNiQD94cI\nDMVRF9EMVialYIg65++kG1uVNgzmtuguhzPd65jQdxbZV3529R63W0Iae7ikU1CU\n9J4oAAp4jpVnWv7hcdwit9R+jgl7KfRJql22GD+IvGpKGz0OjtgDsn2lDjP10snT\nsI+7JsvGNh0eYiFsZ9MZWsV6DYP/jj0za8WhDNhMTuiIDqHHaafItzkNYYdItr1t\nIZfm+SNW8mYLRrw77Cl2BS9YpMkI/k9u\n-----END PRIVATE KEY-----\n",
            "public_key_fingerprint_md5": "e1:49:44:8f:e4:86:89:10:0f:65:d4:ae:c0:8e:a0:21",
            "public_key_fingerprint_sha256": "SHA256:av/fS7lki60xKm8fWjpzKe9kp5UwXWgXYB7bElEBdC0",
            "public_key_openssh": "ssh-rsa AAAAB3NzaC1yc2EAAAADAQABAAACAQDTONNflx+xbwecXRNcDVJiUCvt3AsiI1eXpQlqpdpVRPC/dI2ehXO+AXqqHq8jrrH0KQEQlTzOvn/3zaZJsDX/M+8qKF2GQIdl5JfRwPQC2DyZ7DkF1Lo0bLs9vkTJrgcWCh4jeWmHAckflqvm8TU8gPSEHedUCjZQ7iXqqUnn21mEVD+MzUfc4IMqogTMoIPMOdksYEXCo9wdwzVT6WSU/qdNSlIICKhD1xYsDW4k3Mcurkk0uEaT8Ts8mDR+aQWMFkvCqUtHI7p8dtiD+rt9rN1pZ+t43IB9Tq961eWDRGXpr/3rB0kyvqfZXz6bVq3cuDpj5t0nfDnGhr/B8BG6J1LgDznkGL6EYHjeyIrbEgAph2U3M810+VgVAcM8R4vemc7ubtUck+HSAWXJ60HwC52rIjTbBfUtpbA35bNyMvHLwckPqK24k0zcR0KeyiNeSo58DlkuLRm/5s5YpQQ4mD/PTxcq/wccGX2tj3oGK2Ge2KbmpqOecEmgbXBj+uoksUd5SwHeutUmZDPSejHGQj2SvSLOucCrQbJcMzqiIZhuQbERTFObFPy8mm7vktrQhlopG+NZsv2W4U8tKelCwxFxzsEroBsgTPOSCz4r2RWKDFP/WPJLZtBy0leGZxNFUQ6SYqpFG7YYC5pckclNNNVt1Ooh01oo1hh1Mj8jOQ==\n",
            "public_key_pem": "-----BEGIN PUBLIC KEY-----\nMIICIjANBgkqhkiG9w0BAQEFAAOCAg8AMIICCgKCAgEA0zjTX5cfsW8HnF0TXA1S\nYlAr7dwLIiNXl6UJaqXaVUTwv3SNnoVzvgF6qh6vI66x9CkBEJU8zr5/982mSbA1\n/zPvKihdhkCHZeSX0cD0Atg8mew5BdS6NGy7Pb5Eya4HFgoeI3lphwHJH5ar5vE1\nPID0hB3nVAo2UO4l6qlJ59tZhFQ/jM1H3OCDKqIEzKCDzDnZLGBFwqPcHcM1U+lk\nlP6nTUpSCAioQ9cWLA1uJNzHLq5JNLhGk/E7PJg0fmkFjBZLwqlLRyO6fHbYg/q7\nfazdaWfreNyAfU6vetXlg0Rl6a/96wdJMr6n2V8+m1at3Lg6Y+bdJ3w5xoa/wfAR\nuidS4A855Bi+hGB43siK2xIAKYdlNzPNdPlYFQHDPEeL3pnO7m7VHJPh0gFlyetB\n8AudqyI02wX1LaWwN+WzcjLxy8HJD6ituJNM3EdCnsojXkqOfA5ZLi0Zv+bOWKUE\nOJg/z08XKv8HHBl9rY96Bithntim5qajnnBJoG1wY/rqJLFHeUsB3rrVJmQz0nox\nxkI9kr0izrnAq0GyXDM6oiGYbkGxEUxTmxT8vJpu75La0IZaKRvjWbL9luFPLSnp\nQsMRcc7BK6AbIEzzkgs+K9kVigxT/1jyS2bQctJXhmcTRVEOkmKqRRu2GAuaXJHJ\nTTTVbdTqIdNaKNYYdTI/IzkCAwEAAQ==\n-----END PUBLIC KEY-----\n",
            "rsa_bits": 4096
          },
          "sensitive_attributes": [
            [
              {
                "type": "get_attr",
                "value": "private_key_openssh"
              }
            ],
            [
              {
                "type": "get_attr",
                "value": "private_key_pem"
              }
            ],
            [
              {
                "type": "get_attr",
                "value": "private_key_pem_pkcs8"
              }
            ]
          ]
        }
      ]
    },
    {
      "module": "module.tacoweb",
      "mode": "data",
      "type": "azurerm_resource_group",
      "name": "azlb",
      "provider": "provider[\"registry.terraform.io/hashicorp/azurerm\"]",
      "instances": [
        {
          "schema_version": 0,
          "attributes": {
            "id": "/subscriptions/2213e8b1-dbc7-4d54-8aff-b5e315df5e5b/resourceGroups/943-96367d00-deploy-an-azure-vm-scale-set-with-loa",
            "location": "eastus",
            "managed_by": "",
            "name": "943-96367d00-deploy-an-azure-vm-scale-set-with-loa",
            "tags": {},
            "timeouts": null
          },
          "sensitive_attributes": []
        }
      ]
    },
    {
      "module": "module.tacoweb",
      "mode": "managed",
      "type": "azurerm_lb",
      "name": "azlb",
      "provider": "provider[\"registry.terraform.io/hashicorp/azurerm\"]",
      "instances": [
        {
          "schema_version": 0,
          "attributes": {
            "edge_zone": "",
            "frontend_ip_configuration": [
              {
                "gateway_load_balancer_frontend_ip_configuration_id": "",
                "id": "/subscriptions/2213e8b1-dbc7-4d54-8aff-b5e315df5e5b/resourceGroups/943-96367d00-deploy-an-azure-vm-scale-set-with-loa/providers/Microsoft.Network/loadBalancers/pranu-lb/frontendIPConfigurations/myPublicIP",
                "inbound_nat_rules": [],
                "load_balancer_rules": [],
                "name": "myPublicIP",
                "outbound_rules": [],
                "private_ip_address": "",
                "private_ip_address_allocation": "Dynamic",
                "private_ip_address_version": "",
                "public_ip_address_id": "/subscriptions/2213e8b1-dbc7-4d54-8aff-b5e315df5e5b/resourceGroups/943-96367d00-deploy-an-azure-vm-scale-set-with-loa/providers/Microsoft.Network/publicIPAddresses/pranu-publicIP",
                "public_ip_prefix_id": "",
                "subnet_id": "",
                "zones": null
              }
            ],
            "id": "/subscriptions/2213e8b1-dbc7-4d54-8aff-b5e315df5e5b/resourceGroups/943-96367d00-deploy-an-azure-vm-scale-set-with-loa/providers/Microsoft.Network/loadBalancers/pranu-lb",
            "location": "eastus",
            "name": "pranu-lb",
            "private_ip_address": "",
            "private_ip_addresses": [],
            "resource_group_name": "943-96367d00-deploy-an-azure-vm-scale-set-with-loa",
            "sku": "Standard",
            "sku_tier": "Regional",
            "tags": {
              "source": "terraform"
            },
            "timeouts": null
          },
          "sensitive_attributes": [],
          "private": "eyJlMmJmYjczMC1lY2FhLTExZTYtOGY4OC0zNDM2M2JjN2M0YzAiOnsiY3JlYXRlIjoxODAwMDAwMDAwMDAwLCJkZWxldGUiOjE4MDAwMDAwMDAwMDAsInJlYWQiOjMwMDAwMDAwMDAwMCwidXBkYXRlIjoxODAwMDAwMDAwMDAwfX0=",
          "dependencies": [
            "data.azurerm_resource_group.rg",
            "module.tacoweb.azurerm_public_ip.azlb",
            "module.tacoweb.data.azurerm_resource_group.azlb",
            "module.tacoweb.data.azurerm_subnet.snet"
          ]
        }
      ]
    },
    {
      "module": "module.tacoweb",
      "mode": "managed",
      "type": "azurerm_lb_backend_address_pool",
      "name": "azlb",
      "provider": "provider[\"registry.terraform.io/hashicorp/azurerm\"]",
      "instances": [
        {
          "schema_version": 0,
          "attributes": {
            "backend_ip_configurations": [],
            "id": "/subscriptions/2213e8b1-dbc7-4d54-8aff-b5e315df5e5b/resourceGroups/943-96367d00-deploy-an-azure-vm-scale-set-with-loa/providers/Microsoft.Network/loadBalancers/pranu-lb/backendAddressPools/BackEndAddressPool",
            "inbound_nat_rules": [],
            "load_balancing_rules": [],
            "loadbalancer_id": "/subscriptions/2213e8b1-dbc7-4d54-8aff-b5e315df5e5b/resourceGroups/943-96367d00-deploy-an-azure-vm-scale-set-with-loa/providers/Microsoft.Network/loadBalancers/pranu-lb",
            "name": "BackEndAddressPool",
            "outbound_rules": [],
            "synchronous_mode": "",
            "timeouts": null,
            "tunnel_interface": [],
            "virtual_network_id": ""
          },
          "sensitive_attributes": [],
          "private": "eyJlMmJmYjczMC1lY2FhLTExZTYtOGY4OC0zNDM2M2JjN2M0YzAiOnsiY3JlYXRlIjoxODAwMDAwMDAwMDAwLCJkZWxldGUiOjE4MDAwMDAwMDAwMDAsInJlYWQiOjMwMDAwMDAwMDAwMCwidXBkYXRlIjoxODAwMDAwMDAwMDAwfX0=",
          "dependencies": [
            "data.azurerm_resource_group.rg",
            "module.tacoweb.azurerm_lb.azlb",
            "module.tacoweb.azurerm_public_ip.azlb",
            "module.tacoweb.data.azurerm_resource_group.azlb",
            "module.tacoweb.data.azurerm_subnet.snet"
          ]
        }
      ]
    },
    {
      "module": "module.tacoweb",
      "mode": "managed",
      "type": "azurerm_lb_probe",
      "name": "azlb",
      "provider": "provider[\"registry.terraform.io/hashicorp/azurerm\"]",
      "instances": [
        {
          "index_key": 0,
          "schema_version": 0,
          "attributes": {
            "id": "/subscriptions/2213e8b1-dbc7-4d54-8aff-b5e315df5e5b/resourceGroups/943-96367d00-deploy-an-azure-vm-scale-set-with-loa/providers/Microsoft.Network/loadBalancers/pranu-lb/probes/http",
            "interval_in_seconds": 5,
            "load_balancer_rules": [],
            "loadbalancer_id": "/subscriptions/2213e8b1-dbc7-4d54-8aff-b5e315df5e5b/resourceGroups/943-96367d00-deploy-an-azure-vm-scale-set-with-loa/providers/Microsoft.Network/loadBalancers/pranu-lb",
            "name": "http",
            "number_of_probes": 2,
            "port": 8080,
            "probe_threshold": 1,
            "protocol": "Http",
            "request_path": "/",
            "timeouts": null
          },
          "sensitive_attributes": [],
          "private": "eyJlMmJmYjczMC1lY2FhLTExZTYtOGY4OC0zNDM2M2JjN2M0YzAiOnsiY3JlYXRlIjoxODAwMDAwMDAwMDAwLCJkZWxldGUiOjE4MDAwMDAwMDAwMDAsInJlYWQiOjMwMDAwMDAwMDAwMCwidXBkYXRlIjoxODAwMDAwMDAwMDAwfX0=",
          "dependencies": [
            "data.azurerm_resource_group.rg",
            "module.tacoweb.azurerm_lb.azlb",
            "module.tacoweb.azurerm_public_ip.azlb",
            "module.tacoweb.data.azurerm_resource_group.azlb",
            "module.tacoweb.data.azurerm_subnet.snet"
          ]
        }
      ]
    },
    {
      "module": "module.tacoweb",
      "mode": "managed",
      "type": "azurerm_lb_rule",
      "name": "azlb",
      "provider": "provider[\"registry.terraform.io/hashicorp/azurerm\"]",
      "instances": [
        {
          "index_key": 0,
          "schema_version": 0,
          "attributes": {
            "backend_address_pool_ids": [
              "/subscriptions/2213e8b1-dbc7-4d54-8aff-b5e315df5e5b/resourceGroups/943-96367d00-deploy-an-azure-vm-scale-set-with-loa/providers/Microsoft.Network/loadBalancers/pranu-lb/backendAddressPools/BackEndAddressPool"
            ],
            "backend_port": 8080,
            "disable_outbound_snat": false,
            "enable_floating_ip": false,
            "enable_tcp_reset": false,
            "frontend_ip_configuration_id": "/subscriptions/2213e8b1-dbc7-4d54-8aff-b5e315df5e5b/resourceGroups/943-96367d00-deploy-an-azure-vm-scale-set-with-loa/providers/Microsoft.Network/loadBalancers/pranu-lb/frontendIPConfigurations/myPublicIP",
            "frontend_ip_configuration_name": "myPublicIP",
            "frontend_port": 80,
            "id": "/subscriptions/2213e8b1-dbc7-4d54-8aff-b5e315df5e5b/resourceGroups/943-96367d00-deploy-an-azure-vm-scale-set-with-loa/providers/Microsoft.Network/loadBalancers/pranu-lb/loadBalancingRules/http",
            "idle_timeout_in_minutes": 5,
            "load_distribution": "Default",
            "loadbalancer_id": "/subscriptions/2213e8b1-dbc7-4d54-8aff-b5e315df5e5b/resourceGroups/943-96367d00-deploy-an-azure-vm-scale-set-with-loa/providers/Microsoft.Network/loadBalancers/pranu-lb",
            "name": "http",
            "probe_id": "/subscriptions/2213e8b1-dbc7-4d54-8aff-b5e315df5e5b/resourceGroups/943-96367d00-deploy-an-azure-vm-scale-set-with-loa/providers/Microsoft.Network/loadBalancers/pranu-lb/probes/http",
            "protocol": "Tcp",
            "timeouts": null
          },
          "sensitive_attributes": [],
          "private": "eyJlMmJmYjczMC1lY2FhLTExZTYtOGY4OC0zNDM2M2JjN2M0YzAiOnsiY3JlYXRlIjoxODAwMDAwMDAwMDAwLCJkZWxldGUiOjE4MDAwMDAwMDAwMDAsInJlYWQiOjMwMDAwMDAwMDAwMCwidXBkYXRlIjoxODAwMDAwMDAwMDAwfX0=",
          "dependencies": [
            "data.azurerm_resource_group.rg",
            "module.tacoweb.azurerm_lb.azlb",
            "module.tacoweb.azurerm_lb_backend_address_pool.azlb",
            "module.tacoweb.azurerm_lb_probe.azlb",
            "module.tacoweb.azurerm_public_ip.azlb",
            "module.tacoweb.data.azurerm_resource_group.azlb",
            "module.tacoweb.data.azurerm_subnet.snet"
          ]
        }
      ]
    },
    {
      "module": "module.tacoweb",
      "mode": "managed",
      "type": "azurerm_public_ip",
      "name": "azlb",
      "provider": "provider[\"registry.terraform.io/hashicorp/azurerm\"]",
      "instances": [
        {
          "index_key": 0,
          "schema_version": 0,
          "attributes": {
            "allocation_method": "Static",
            "ddos_protection_mode": "VirtualNetworkInherited",
            "ddos_protection_plan_id": null,
            "domain_name_label": null,
            "domain_name_label_scope": null,
            "edge_zone": "",
            "fqdn": null,
            "id": "/subscriptions/2213e8b1-dbc7-4d54-8aff-b5e315df5e5b/resourceGroups/943-96367d00-deploy-an-azure-vm-scale-set-with-loa/providers/Microsoft.Network/publicIPAddresses/pranu-publicIP",
            "idle_timeout_in_minutes": 4,
            "ip_address": "20.169.235.244",
            "ip_tags": null,
            "ip_version": "IPv4",
            "location": "eastus",
            "name": "pranu-publicIP",
            "public_ip_prefix_id": null,
            "resource_group_name": "943-96367d00-deploy-an-azure-vm-scale-set-with-loa",
            "reverse_fqdn": null,
            "sku": "Standard",
            "sku_tier": "Regional",
            "tags": {
              "source": "terraform"
            },
            "timeouts": null,
            "zones": null
          },
          "sensitive_attributes": [],
          "private": "eyJlMmJmYjczMC1lY2FhLTExZTYtOGY4OC0zNDM2M2JjN2M0YzAiOnsiY3JlYXRlIjoxODAwMDAwMDAwMDAwLCJkZWxldGUiOjE4MDAwMDAwMDAwMDAsInJlYWQiOjMwMDAwMDAwMDAwMCwidXBkYXRlIjoxODAwMDAwMDAwMDAwfX0=",
          "dependencies": [
            "data.azurerm_resource_group.rg",
            "module.tacoweb.data.azurerm_resource_group.azlb"
          ]
        }
      ]
    }
  ],
  "check_results": [
    {
      "object_kind": "resource",
      "config_addr": "module.tacoweb.azurerm_lb.azlb",
      "status": "pass",
      "objects": [
        {
          "object_addr": "module.tacoweb.azurerm_lb.azlb",
          "status": "pass"
        }
      ]
    }
  ]
}
