{
  "version": 4,
  "terraform_version": "1.11.2",
  "serial": 10,
  "lineage": "b75788a7-6d3c-b5f2-a390-021fe9321c4d",
  "outputs": {
    "app_public_ip": {
      "value": "13.64.228.4",
      "type": "string"
    },
    "app_subnet_id": {
      "value": "/subscriptions/2213e8b1-dbc7-4d54-8aff-b5e315df5e5b/resourceGroups/944-f68f32e5-using-the-virtual-machine-module/providers/Microsoft.Network/virtualNetworks/taco-wagon-app/subnets/app",
      "type": "string"
    }
  },
  "resources": [
    {
      "mode": "data",
      "type": "azurerm_resource_group",
      "name": "rg",
      "provider": "provider[\"registry.terraform.io/hashicorp/azurerm\"]",
      "instances": [
        {
          "schema_version": 0,
          "attributes": {
            "id": "/subscriptions/2213e8b1-dbc7-4d54-8aff-b5e315df5e5b/resourceGroups/944-f68f32e5-using-the-virtual-machine-module",
            "location": "westus",
            "managed_by": "",
            "name": "944-f68f32e5-using-the-virtual-machine-module",
            "tags": {},
            "timeouts": null
          },
          "sensitive_attributes": []
        }
      ]
    },
    {
      "mode": "data",
      "type": "azurerm_subnet",
      "name": "app",
      "provider": "provider[\"registry.terraform.io/hashicorp/azurerm\"]",
      "instances": [
        {
          "schema_version": 0,
          "attributes": {
            "address_prefix": "10.42.1.0/24",
            "address_prefixes": [
              "10.42.1.0/24"
            ],
            "default_outbound_access_enabled": true,
            "enforce_private_link_endpoint_network_policies": true,
            "enforce_private_link_service_network_policies": false,
            "id": "/subscriptions/2213e8b1-dbc7-4d54-8aff-b5e315df5e5b/resourceGroups/944-f68f32e5-using-the-virtual-machine-module/providers/Microsoft.Network/virtualNetworks/taco-wagon-app/subnets/app",
            "name": "app",
            "network_security_group_id": "",
            "private_endpoint_network_policies": "Disabled",
            "private_endpoint_network_policies_enabled": false,
            "private_link_service_network_policies_enabled": true,
            "resource_group_name": "944-f68f32e5-using-the-virtual-machine-module",
            "route_table_id": "",
            "service_endpoints": [],
            "timeouts": null,
            "virtual_network_name": "taco-wagon-app"
          },
          "sensitive_attributes": []
        }
      ]
    },
    {
      "mode": "managed",
      "type": "azurerm_network_interface_security_group_association",
      "name": "nsg_association",
      "provider": "provider[\"registry.terraform.io/hashicorp/azurerm\"]",
      "instances": [
        {
          "schema_version": 0,
          "attributes": {
            "id": "/subscriptions/2213e8b1-dbc7-4d54-8aff-b5e315df5e5b/resourceGroups/944-f68f32e5-using-the-virtual-machine-module/providers/Microsoft.Network/networkInterfaces/taco-wagon-app-nic|/subscriptions/2213e8b1-dbc7-4d54-8aff-b5e315df5e5b/resourceGroups/944-f68f32e5-using-the-virtual-machine-module/providers/Microsoft.Network/networkSecurityGroups/nsg-taco-wagon-app",
            "network_interface_id": "/subscriptions/2213e8b1-dbc7-4d54-8aff-b5e315df5e5b/resourceGroups/944-f68f32e5-using-the-virtual-machine-module/providers/Microsoft.Network/networkInterfaces/taco-wagon-app-nic",
            "network_security_group_id": "/subscriptions/2213e8b1-dbc7-4d54-8aff-b5e315df5e5b/resourceGroups/944-f68f32e5-using-the-virtual-machine-module/providers/Microsoft.Network/networkSecurityGroups/nsg-taco-wagon-app",
            "timeouts": null
          },
          "sensitive_attributes": [],
          "private": "eyJlMmJmYjczMC1lY2FhLTExZTYtOGY4OC0zNDM2M2JjN2M0YzAiOnsiY3JlYXRlIjoxODAwMDAwMDAwMDAwLCJkZWxldGUiOjE4MDAwMDAwMDAwMDAsInJlYWQiOjMwMDAwMDAwMDAwMH19",
          "dependencies": [
            "azurerm_network_security_group.nsg",
            "azurerm_public_ip.app",
            "data.azurerm_resource_group.rg",
            "data.azurerm_subnet.app",
            "module.linux.azurerm_network_interface.vm"
          ]
        }
      ]
    },
    {
      "mode": "managed",
      "type": "azurerm_network_security_group",
      "name": "nsg",
      "provider": "provider[\"registry.terraform.io/hashicorp/azurerm\"]",
      "instances": [
        {
          "schema_version": 0,
          "attributes": {
            "id": "/subscriptions/2213e8b1-dbc7-4d54-8aff-b5e315df5e5b/resourceGroups/944-f68f32e5-using-the-virtual-machine-module/providers/Microsoft.Network/networkSecurityGroups/nsg-taco-wagon-app",
            "location": "westus",
            "name": "nsg-taco-wagon-app",
            "resource_group_name": "944-f68f32e5-using-the-virtual-machine-module",
            "security_rule": [],
            "tags": null,
            "timeouts": null
          },
          "sensitive_attributes": [],
          "private": "eyJlMmJmYjczMC1lY2FhLTExZTYtOGY4OC0zNDM2M2JjN2M0YzAiOnsiY3JlYXRlIjoxODAwMDAwMDAwMDAwLCJkZWxldGUiOjE4MDAwMDAwMDAwMDAsInJlYWQiOjMwMDAwMDAwMDAwMCwidXBkYXRlIjoxODAwMDAwMDAwMDAwfX0=",
          "dependencies": [
            "data.azurerm_resource_group.rg"
          ]
        }
      ]
    },
    {
      "mode": "managed",
      "type": "azurerm_network_security_rule",
      "name": "http",
      "provider": "provider[\"registry.terraform.io/hashicorp/azurerm\"]",
      "instances": [
        {
          "schema_version": 0,
          "attributes": {
            "access": "Allow",
            "description": "",
            "destination_address_prefix": "*",
            "destination_address_prefixes": null,
            "destination_application_security_group_ids": null,
            "destination_port_range": "80",
            "destination_port_ranges": null,
            "direction": "Inbound",
            "id": "/subscriptions/2213e8b1-dbc7-4d54-8aff-b5e315df5e5b/resourceGroups/944-f68f32e5-using-the-virtual-machine-module/providers/Microsoft.Network/networkSecurityGroups/nsg-taco-wagon-app/securityRules/http",
            "name": "http",
            "network_security_group_name": "nsg-taco-wagon-app",
            "priority": 100,
            "protocol": "Tcp",
            "resource_group_name": "944-f68f32e5-using-the-virtual-machine-module",
            "source_address_prefix": "*",
            "source_address_prefixes": null,
            "source_application_security_group_ids": null,
            "source_port_range": "*",
            "source_port_ranges": null,
            "timeouts": null
          },
          "sensitive_attributes": [],
          "private": "eyJlMmJmYjczMC1lY2FhLTExZTYtOGY4OC0zNDM2M2JjN2M0YzAiOnsiY3JlYXRlIjoxODAwMDAwMDAwMDAwLCJkZWxldGUiOjE4MDAwMDAwMDAwMDAsInJlYWQiOjMwMDAwMDAwMDAwMCwidXBkYXRlIjoxODAwMDAwMDAwMDAwfX0=",
          "dependencies": [
            "azurerm_network_security_group.nsg",
            "data.azurerm_resource_group.rg"
          ]
        }
      ]
    },
    {
      "mode": "managed",
      "type": "azurerm_public_ip",
      "name": "app",
      "provider": "provider[\"registry.terraform.io/hashicorp/azurerm\"]",
      "instances": [
        {
          "schema_version": 0,
          "attributes": {
            "allocation_method": "Static",
            "ddos_protection_mode": "VirtualNetworkInherited",
            "ddos_protection_plan_id": null,
            "domain_name_label": null,
            "edge_zone": "",
            "fqdn": null,
            "id": "/subscriptions/2213e8b1-dbc7-4d54-8aff-b5e315df5e5b/resourceGroups/944-f68f32e5-using-the-virtual-machine-module/providers/Microsoft.Network/publicIPAddresses/pip-taco-wagon-app",
            "idle_timeout_in_minutes": 4,
            "ip_address": "13.64.228.4",
            "ip_tags": {},
            "ip_version": "IPv4",
            "location": "westus",
            "name": "pip-taco-wagon-app",
            "public_ip_prefix_id": null,
            "resource_group_name": "944-f68f32e5-using-the-virtual-machine-module",
            "reverse_fqdn": null,
            "sku": "Basic",
            "sku_tier": "Regional",
            "tags": {},
            "timeouts": null,
            "zones": []
          },
          "sensitive_attributes": [],
          "private": "eyJlMmJmYjczMC1lY2FhLTExZTYtOGY4OC0zNDM2M2JjN2M0YzAiOnsiY3JlYXRlIjoxODAwMDAwMDAwMDAwLCJkZWxldGUiOjE4MDAwMDAwMDAwMDAsInJlYWQiOjMwMDAwMDAwMDAwMCwidXBkYXRlIjoxODAwMDAwMDAwMDAwfX0=",
          "dependencies": [
            "data.azurerm_resource_group.rg"
          ]
        }
      ]
    },
    {
      "mode": "managed",
      "type": "tls_private_key",
      "name": "ssh",
      "provider": "provider[\"registry.terraform.io/hashicorp/tls\"]",
      "instances": [
        {
          "schema_version": 1,
          "attributes": {
            "algorithm": "RSA",
            "ecdsa_curve": "P224",
            "id": "dda256ab686dcfd4286fda72ad24d624f3bc0876",
            "private_key_openssh": "-----BEGIN OPENSSH PRIVATE KEY-----\nb3BlbnNzaC1rZXktdjEAAAAABG5vbmUAAAAEbm9uZQAAAAAAAAABAAACFwAAAAdz\nc2gtcnNhAAAAAwEAAQAAAgEAm38sGumlHVrlMaR11G8Y+cnv75VakCt5cX4R+6n6\nZqeBQntaoz8ymBl45Hm/csqTdJGPG3m5DrSErDe0Q8x/enozBO03SWqvwePA8stg\nVetUzse6XRFiUpDPaHbkfX5w+nLnCNFwvab06KPl8FaGj5+C6yT2VDu4DEQB4k9a\nVkhb+mkL8WbI0TmdnPBeOroUaw0dFYw9xvLHPDVqOdM25hWcKL+vGSNvo6cKoc4t\nCdvuCYCKgYFVvBaePpY5Kz31YbwMiO1UcdQCFYMwyYrKiQp6B10FmpcDB3qctOGl\nkl3wuHxANEUf+5GQoJY3yXUZw9XUFRlrrWdPIayJZU1hA8DDIn+sSHPhX79ai7cH\nCCDhiAAUPrthGIL9jDk3Uh0XRP87/gHdkAPvIMAyif0+MAT5Yh3CQ7uCHSc4XMQm\n/vauld8kp+6Pqyrp7/1cb6o5g4OdK1O6nHQb83IX5AnApXtFGxMUqolgYynaitj2\nKBafRh4XWYPe1aSaPI1X82pjAZtC2mP43BcVirZaNzD1ngwf0lSXKIC+kg31u49B\nj66ADfhhSwyGpJEARLeyoFPk0GU4e3v1v5YNNAQZG9yWLP2QUuyRgn/iopofsNq8\nzgCiYg2FzkcNw6kQ46JUNrMOJXe+ZkvNYpHbTgj3Pr0/cZGfZA6EN1OQ3QdNHaoN\nXGMAAAc4En0EwBJ9BMAAAAAHc3NoLXJzYQAAAgEAm38sGumlHVrlMaR11G8Y+cnv\n75VakCt5cX4R+6n6ZqeBQntaoz8ymBl45Hm/csqTdJGPG3m5DrSErDe0Q8x/enoz\nBO03SWqvwePA8stgVetUzse6XRFiUpDPaHbkfX5w+nLnCNFwvab06KPl8FaGj5+C\n6yT2VDu4DEQB4k9aVkhb+mkL8WbI0TmdnPBeOroUaw0dFYw9xvLHPDVqOdM25hWc\nKL+vGSNvo6cKoc4tCdvuCYCKgYFVvBaePpY5Kz31YbwMiO1UcdQCFYMwyYrKiQp6\nB10FmpcDB3qctOGlkl3wuHxANEUf+5GQoJY3yXUZw9XUFRlrrWdPIayJZU1hA8DD\nIn+sSHPhX79ai7cHCCDhiAAUPrthGIL9jDk3Uh0XRP87/gHdkAPvIMAyif0+MAT5\nYh3CQ7uCHSc4XMQm/vauld8kp+6Pqyrp7/1cb6o5g4OdK1O6nHQb83IX5AnApXtF\nGxMUqolgYynaitj2KBafRh4XWYPe1aSaPI1X82pjAZtC2mP43BcVirZaNzD1ngwf\n0lSXKIC+kg31u49Bj66ADfhhSwyGpJEARLeyoFPk0GU4e3v1v5YNNAQZG9yWLP2Q\nUuyRgn/iopofsNq8zgCiYg2FzkcNw6kQ46JUNrMOJXe+ZkvNYpHbTgj3Pr0/cZGf\nZA6EN1OQ3QdNHaoNXGMAAAADAQABAAACAHDz4h/ylORMAK0c4BLeWPAqBkas4UpU\nqjUM9RcwlBo5lyWp4V8wKxpddnnRDobeLFrC2YeF1i2eZ7mKBUIyrG9VkPYFMuH7\nw4w+WwyDO4luFv7WCsRMOnXrhx5FLxkR3hOvn6/CI/k/7CuJ0x/QWpK9tiYFhYIO\nl1UhmZTBO8ftbBLsd6Z1mW6SQbGc0XYrcWWJ8xSR+NYpyRwtWOqESR69l9/pzdGe\n8huY3ZpH4GOHBNSWMQZ94r9sVqr0CLcmnLbQGPLmIy9EZ/ckgy4DybfeimIK6mUv\nSR4HrQmf19wIrTH139WYWPEu/jYIqKGIlJyzGQnym0ss/khhwrR5jvw/Dxc0Ds4G\nTo3IF2QUYek7WS/MdA+2/NPTeoypm5IMK4eAarkMiV4aTKQl0VP48fKrqdELbFQJ\nc7kAlbSG8dNBZ7KFU7pg0xGLRzXltUJUuIfOWisnv3hGllD75Hd/VqlkvuMF66kp\njRMBpZESt0HngS3uwdejZYCQ9BvsUHolK1kfvrddw/PXCQvVgmm2xzZUQOTl1lcO\neHKl+RhUai2weyqRPoJ7FLpm4EHl6YcrCJoiFfVKRC12FfBfa5goq0Nlsv/LrpPQ\nCzw14cdJMxB6jyECMlLL67n1HtI/1e0TsGEQqz3yKBUhEbdF3jE0STX52mcNZzC9\nUMHhj+LRssDRAAABAQCnWUe+2ruwxXmxc2ZPhNEKfkzWdsUdltwqATbcTTyAT3ac\nI6MQCG8qqeVSKcxNW/R4qcrWpF/ardC3CKMyseGc58DXk0qPTCdLHhKP1DYrmWgn\nhJN686mfo21kJTUaWkuPTumDOxW6TOKZ+SU7et5IrjLuSU1UZuAIWzQmgq9ntxi8\nyXzumofA5Z6ei5UKbHgt1/2bS5916MbiLkrxx1MdfHajZ0FktSZhAtwifY29MMGq\nvhk98OLLeAuwYywZOFB3kic4W6C3wRV0ODh0YR++7y4SLS4iWQwjpECxZcQYa8Vt\nm19y/Y5P4uCHK4R0uZuEqyduac+ndj7lYdSCbW9yAAABAQDHvHTLsYtaKglQJuxZ\nDl8E6ZLod2UlL+k61/33aScnlDe+C0b0vcLExRFAmb8uKJCBjAVUITws5AEOhFB6\nbi+Xo1Ns+kOaPYwzO2AKnsA3smKfAAAeGKGQ/hMJO1cGYX/FItTRXm8q2FCl2Uw8\nn2jokFfTsCc8xZCaK8IhN8CjFXrS306WHRIeRmemlPB5cSwos7pEvRhS4Vz6kmZY\nMT5MA6JGyiwL5r2mjCkYY2sqIKDEVG0w/filuHbKd6C33iLDtx9NoQNcIXUWWvb4\n1CRkKMH0cW8wMUoqbgjRlQ6wmiDPwCRoVOzVMoo/aRA5PS9DmaZo8Cej0CNlZI/a\ndTEXAAABAQDHTHzLS88b6DUntQvwge2USCwgkoN3WBH5EwYvQzc7WJfPmGgHJGmE\nlV75mpFjBOl3bAvqHMHggc+gjlXOKAwhTjLgx2Tq/WQ6PX09i9B/V9YOK9M2haP/\nZibzP5XuGPej9N5Ixi+51DmgpGdsmIrPWu2lS1xHpt6Y8RTh9G8a3FnBtfzQhMiX\nB/jgseOlinYxdt0/+/rAPdhjKKm65+k4MWY3nNgeaMkjNC/k+6hNdpf1YZdHA07Q\nvHfZMPyOaS8vgAN6YaFx0bIuhloVOAOnVvbqX9rmILRiW3H+ghAzQFYsT0Vl3QXC\n0TkawhRNo+0Laj2suqY1xd7MweNLIMaVAAAAAAEC\n-----END OPENSSH PRIVATE KEY-----\n",
            "private_key_pem": "-----BEGIN RSA PRIVATE KEY-----\nMIIJKQIBAAKCAgEAm38sGumlHVrlMaR11G8Y+cnv75VakCt5cX4R+6n6ZqeBQnta\noz8ymBl45Hm/csqTdJGPG3m5DrSErDe0Q8x/enozBO03SWqvwePA8stgVetUzse6\nXRFiUpDPaHbkfX5w+nLnCNFwvab06KPl8FaGj5+C6yT2VDu4DEQB4k9aVkhb+mkL\n8WbI0TmdnPBeOroUaw0dFYw9xvLHPDVqOdM25hWcKL+vGSNvo6cKoc4tCdvuCYCK\ngYFVvBaePpY5Kz31YbwMiO1UcdQCFYMwyYrKiQp6B10FmpcDB3qctOGlkl3wuHxA\nNEUf+5GQoJY3yXUZw9XUFRlrrWdPIayJZU1hA8DDIn+sSHPhX79ai7cHCCDhiAAU\nPrthGIL9jDk3Uh0XRP87/gHdkAPvIMAyif0+MAT5Yh3CQ7uCHSc4XMQm/vauld8k\np+6Pqyrp7/1cb6o5g4OdK1O6nHQb83IX5AnApXtFGxMUqolgYynaitj2KBafRh4X\nWYPe1aSaPI1X82pjAZtC2mP43BcVirZaNzD1ngwf0lSXKIC+kg31u49Bj66ADfhh\nSwyGpJEARLeyoFPk0GU4e3v1v5YNNAQZG9yWLP2QUuyRgn/iopofsNq8zgCiYg2F\nzkcNw6kQ46JUNrMOJXe+ZkvNYpHbTgj3Pr0/cZGfZA6EN1OQ3QdNHaoNXGMCAwEA\nAQKCAgBw8+If8pTkTACtHOAS3ljwKgZGrOFKVKo1DPUXMJQaOZclqeFfMCsaXXZ5\n0Q6G3ixawtmHhdYtnme5igVCMqxvVZD2BTLh+8OMPlsMgzuJbhb+1grETDp164ce\nRS8ZEd4Tr5+vwiP5P+wridMf0FqSvbYmBYWCDpdVIZmUwTvH7WwS7HemdZlukkGx\nnNF2K3FlifMUkfjWKckcLVjqhEkevZff6c3RnvIbmN2aR+BjhwTUljEGfeK/bFaq\n9Ai3Jpy20Bjy5iMvRGf3JIMuA8m33opiCuplL0keB60Jn9fcCK0x9d/VmFjxLv42\nCKihiJScsxkJ8ptLLP5IYcK0eY78Pw8XNA7OBk6NyBdkFGHpO1kvzHQPtvzT03qM\nqZuSDCuHgGq5DIleGkykJdFT+PHyq6nRC2xUCXO5AJW0hvHTQWeyhVO6YNMRi0c1\n5bVCVLiHzlorJ794RpZQ++R3f1apZL7jBeupKY0TAaWRErdB54Et7sHXo2WAkPQb\n7FB6JStZH763XcPz1wkL1YJptsc2VEDk5dZXDnhypfkYVGotsHsqkT6CexS6ZuBB\n5emHKwiaIhX1SkQtdhXwX2uYKKtDZbL/y66T0As8NeHHSTMQeo8hAjJSy+u59R7S\nP9XtE7BhEKs98igVIRG3Rd4xNEk1+dpnDWcwvVDB4Y/i0bLA0QKCAQEAx7x0y7GL\nWioJUCbsWQ5fBOmS6HdlJS/pOtf992knJ5Q3vgtG9L3CxMURQJm/LiiQgYwFVCE8\nLOQBDoRQem4vl6NTbPpDmj2MMztgCp7AN7JinwAAHhihkP4TCTtXBmF/xSLU0V5v\nKthQpdlMPJ9o6JBX07AnPMWQmivCITfAoxV60t9Olh0SHkZnppTweXEsKLO6RL0Y\nUuFc+pJmWDE+TAOiRsosC+a9powpGGNrKiCgxFRtMP34pbh2ynegt94iw7cfTaED\nXCF1Flr2+NQkZCjB9HFvMDFKKm4I0ZUOsJogz8AkaFTs1TKKP2kQOT0vQ5mmaPAn\no9AjZWSP2nUxFwKCAQEAx0x8y0vPG+g1J7UL8IHtlEgsIJKDd1gR+RMGL0M3O1iX\nz5hoByRphJVe+ZqRYwTpd2wL6hzB4IHPoI5VzigMIU4y4Mdk6v1kOj19PYvQf1fW\nDivTNoWj/2Ym8z+V7hj3o/TeSMYvudQ5oKRnbJiKz1rtpUtcR6bemPEU4fRvGtxZ\nwbX80ITIlwf44LHjpYp2MXbdP/v6wD3YYyipuufpODFmN5zYHmjJIzQv5PuoTXaX\n9WGXRwNO0Lx32TD8jmkvL4ADemGhcdGyLoZaFTgDp1b26l/a5iC0Yltx/oIQM0BW\nLE9FZd0FwtE5GsIUTaPtC2o9rLqmNcXezMHjSyDGlQKCAQBduPCVJBpflJoKIjmF\nEFlF1NQ6gMvVR0YJdpCVJ6JX0BTX+DKzZNefvVj7Fym+Xwpvv2RAtdemuNZGGZAp\n4soyPVFIMabHGVpQL+xBD3zipbHhKf7kIGqvvojwLAgJ1nY96royBD3lvNsa93vu\ndl6jwhd0HZRLz+iqbx4IuECMRef8Swx1I+78hczdPcYZNiGid7NPzes7+MPIUCn1\n+CVjRdE/pl5Et2EGZX5jE0OV4PmPJo6WDpY+LPCQ0NF5daKac7McmhEZihmHA+gf\nmmv5E6bvLMsfsgE7J6a7sVXTSH9c/KwYyMDYyX5Vgtc6BJvI/LA5TXdMRr5VNXrK\n53LBAoIBAQCqnCDMzAXtZvhyGHuzFRbz9GDKNYKTnPIt3gpSVWEnzayQC3EqhBJM\nbK6UUKybLq5KDFWawal67sV2NcLgq8nOjSni4O7Ud7zgWpknIdSH3wKguQWjy/3b\nenBnlgxcekUst0e+1uIuW65Fhdf/0AosfjOoZ/4EXKZ8GQ1+bQjb3rx7prZZLwKk\nwC9e8wnlQcXyjEXVK3m6LndaU4oRNcyhzTAq9XrRdXSSTW+ev4yRW6+0YSnmob9L\n07tpU5UwuHyrVhQkJQXW8ONvDpZ5Sa1fCIRxmUND88VX2d6ZOHBz32Slo+rNy8rN\nvtv6uyA0YttfBUDs6A+3Qr97W5OfUdyNAoIBAQCnWUe+2ruwxXmxc2ZPhNEKfkzW\ndsUdltwqATbcTTyAT3acI6MQCG8qqeVSKcxNW/R4qcrWpF/ardC3CKMyseGc58DX\nk0qPTCdLHhKP1DYrmWgnhJN686mfo21kJTUaWkuPTumDOxW6TOKZ+SU7et5IrjLu\nSU1UZuAIWzQmgq9ntxi8yXzumofA5Z6ei5UKbHgt1/2bS5916MbiLkrxx1MdfHaj\nZ0FktSZhAtwifY29MMGqvhk98OLLeAuwYywZOFB3kic4W6C3wRV0ODh0YR++7y4S\nLS4iWQwjpECxZcQYa8Vtm19y/Y5P4uCHK4R0uZuEqyduac+ndj7lYdSCbW9y\n-----END RSA PRIVATE KEY-----\n",
            "private_key_pem_pkcs8": "-----BEGIN PRIVATE KEY-----\nMIIJQwIBADANBgkqhkiG9w0BAQEFAASCCS0wggkpAgEAAoICAQCbfywa6aUdWuUx\npHXUbxj5ye/vlVqQK3lxfhH7qfpmp4FCe1qjPzKYGXjkeb9yypN0kY8bebkOtISs\nN7RDzH96ejME7TdJaq/B48Dyy2BV61TOx7pdEWJSkM9oduR9fnD6cucI0XC9pvTo\no+XwVoaPn4LrJPZUO7gMRAHiT1pWSFv6aQvxZsjROZ2c8F46uhRrDR0VjD3G8sc8\nNWo50zbmFZwov68ZI2+jpwqhzi0J2+4JgIqBgVW8Fp4+ljkrPfVhvAyI7VRx1AIV\ngzDJisqJCnoHXQWalwMHepy04aWSXfC4fEA0RR/7kZCgljfJdRnD1dQVGWutZ08h\nrIllTWEDwMMif6xIc+Ffv1qLtwcIIOGIABQ+u2EYgv2MOTdSHRdE/zv+Ad2QA+8g\nwDKJ/T4wBPliHcJDu4IdJzhcxCb+9q6V3ySn7o+rKunv/VxvqjmDg50rU7qcdBvz\nchfkCcCle0UbExSqiWBjKdqK2PYoFp9GHhdZg97VpJo8jVfzamMBm0LaY/jcFxWK\ntlo3MPWeDB/SVJcogL6SDfW7j0GProAN+GFLDIakkQBEt7KgU+TQZTh7e/W/lg00\nBBkb3JYs/ZBS7JGCf+Kimh+w2rzOAKJiDYXORw3DqRDjolQ2sw4ld75mS81ikdtO\nCPc+vT9xkZ9kDoQ3U5DdB00dqg1cYwIDAQABAoICAHDz4h/ylORMAK0c4BLeWPAq\nBkas4UpUqjUM9RcwlBo5lyWp4V8wKxpddnnRDobeLFrC2YeF1i2eZ7mKBUIyrG9V\nkPYFMuH7w4w+WwyDO4luFv7WCsRMOnXrhx5FLxkR3hOvn6/CI/k/7CuJ0x/QWpK9\ntiYFhYIOl1UhmZTBO8ftbBLsd6Z1mW6SQbGc0XYrcWWJ8xSR+NYpyRwtWOqESR69\nl9/pzdGe8huY3ZpH4GOHBNSWMQZ94r9sVqr0CLcmnLbQGPLmIy9EZ/ckgy4Dybfe\nimIK6mUvSR4HrQmf19wIrTH139WYWPEu/jYIqKGIlJyzGQnym0ss/khhwrR5jvw/\nDxc0Ds4GTo3IF2QUYek7WS/MdA+2/NPTeoypm5IMK4eAarkMiV4aTKQl0VP48fKr\nqdELbFQJc7kAlbSG8dNBZ7KFU7pg0xGLRzXltUJUuIfOWisnv3hGllD75Hd/Vqlk\nvuMF66kpjRMBpZESt0HngS3uwdejZYCQ9BvsUHolK1kfvrddw/PXCQvVgmm2xzZU\nQOTl1lcOeHKl+RhUai2weyqRPoJ7FLpm4EHl6YcrCJoiFfVKRC12FfBfa5goq0Nl\nsv/LrpPQCzw14cdJMxB6jyECMlLL67n1HtI/1e0TsGEQqz3yKBUhEbdF3jE0STX5\n2mcNZzC9UMHhj+LRssDRAoIBAQDHvHTLsYtaKglQJuxZDl8E6ZLod2UlL+k61/33\naScnlDe+C0b0vcLExRFAmb8uKJCBjAVUITws5AEOhFB6bi+Xo1Ns+kOaPYwzO2AK\nnsA3smKfAAAeGKGQ/hMJO1cGYX/FItTRXm8q2FCl2Uw8n2jokFfTsCc8xZCaK8Ih\nN8CjFXrS306WHRIeRmemlPB5cSwos7pEvRhS4Vz6kmZYMT5MA6JGyiwL5r2mjCkY\nY2sqIKDEVG0w/filuHbKd6C33iLDtx9NoQNcIXUWWvb41CRkKMH0cW8wMUoqbgjR\nlQ6wmiDPwCRoVOzVMoo/aRA5PS9DmaZo8Cej0CNlZI/adTEXAoIBAQDHTHzLS88b\n6DUntQvwge2USCwgkoN3WBH5EwYvQzc7WJfPmGgHJGmElV75mpFjBOl3bAvqHMHg\ngc+gjlXOKAwhTjLgx2Tq/WQ6PX09i9B/V9YOK9M2haP/ZibzP5XuGPej9N5Ixi+5\n1DmgpGdsmIrPWu2lS1xHpt6Y8RTh9G8a3FnBtfzQhMiXB/jgseOlinYxdt0/+/rA\nPdhjKKm65+k4MWY3nNgeaMkjNC/k+6hNdpf1YZdHA07QvHfZMPyOaS8vgAN6YaFx\n0bIuhloVOAOnVvbqX9rmILRiW3H+ghAzQFYsT0Vl3QXC0TkawhRNo+0Laj2suqY1\nxd7MweNLIMaVAoIBAF248JUkGl+UmgoiOYUQWUXU1DqAy9VHRgl2kJUnolfQFNf4\nMrNk15+9WPsXKb5fCm+/ZEC116a41kYZkCniyjI9UUgxpscZWlAv7EEPfOKlseEp\n/uQgaq++iPAsCAnWdj3qujIEPeW82xr3e+52XqPCF3QdlEvP6KpvHgi4QIxF5/xL\nDHUj7vyFzN09xhk2IaJ3s0/N6zv4w8hQKfX4JWNF0T+mXkS3YQZlfmMTQ5Xg+Y8m\njpYOlj4s8JDQ0Xl1oppzsxyaERmKGYcD6B+aa/kTpu8syx+yATsnpruxVdNIf1z8\nrBjIwNjJflWC1zoEm8j8sDlNd0xGvlU1esrncsECggEBAKqcIMzMBe1m+HIYe7MV\nFvP0YMo1gpOc8i3eClJVYSfNrJALcSqEEkxsrpRQrJsurkoMVZrBqXruxXY1wuCr\nyc6NKeLg7tR3vOBamSch1IffAqC5BaPL/dt6cGeWDFx6RSy3R77W4i5brkWF1//Q\nCix+M6hn/gRcpnwZDX5tCNvevHumtlkvAqTAL17zCeVBxfKMRdUreboud1pTihE1\nzKHNMCr1etF1dJJNb56/jJFbr7RhKeahv0vTu2lTlTC4fKtWFCQlBdbw428OlnlJ\nrV8IhHGZQ0PzxVfZ3pk4cHPfZKWj6s3Lys2+2/q7IDRi218FQOzoD7dCv3tbk59R\n3I0CggEBAKdZR77au7DFebFzZk+E0Qp+TNZ2xR2W3CoBNtxNPIBPdpwjoxAIbyqp\n5VIpzE1b9HipytakX9qt0LcIozKx4ZznwNeTSo9MJ0seEo/UNiuZaCeEk3rzqZ+j\nbWQlNRpaS49O6YM7FbpM4pn5JTt63kiuMu5JTVRm4AhbNCaCr2e3GLzJfO6ah8Dl\nnp6LlQpseC3X/ZtLn3XoxuIuSvHHUx18dqNnQWS1JmEC3CJ9jb0wwaq+GT3w4st4\nC7BjLBk4UHeSJzhboLfBFXQ4OHRhH77vLhItLiJZDCOkQLFlxBhrxW2bX3L9jk/i\n4IcrhHS5m4SrJ25pz6d2PuVh1IJtb3I=\n-----END PRIVATE KEY-----\n",
            "public_key_fingerprint_md5": "3e:f6:6c:b0:be:25:6f:5d:f9:b9:eb:1a:2a:17:9e:0a",
            "public_key_fingerprint_sha256": "SHA256:ugk9iFQvr8nGG5ADrMNmuPqulKgy4Ca+1oHVjjU+07w",
            "public_key_openssh": "ssh-rsa AAAAB3NzaC1yc2EAAAADAQABAAACAQCbfywa6aUdWuUxpHXUbxj5ye/vlVqQK3lxfhH7qfpmp4FCe1qjPzKYGXjkeb9yypN0kY8bebkOtISsN7RDzH96ejME7TdJaq/B48Dyy2BV61TOx7pdEWJSkM9oduR9fnD6cucI0XC9pvToo+XwVoaPn4LrJPZUO7gMRAHiT1pWSFv6aQvxZsjROZ2c8F46uhRrDR0VjD3G8sc8NWo50zbmFZwov68ZI2+jpwqhzi0J2+4JgIqBgVW8Fp4+ljkrPfVhvAyI7VRx1AIVgzDJisqJCnoHXQWalwMHepy04aWSXfC4fEA0RR/7kZCgljfJdRnD1dQVGWutZ08hrIllTWEDwMMif6xIc+Ffv1qLtwcIIOGIABQ+u2EYgv2MOTdSHRdE/zv+Ad2QA+8gwDKJ/T4wBPliHcJDu4IdJzhcxCb+9q6V3ySn7o+rKunv/VxvqjmDg50rU7qcdBvzchfkCcCle0UbExSqiWBjKdqK2PYoFp9GHhdZg97VpJo8jVfzamMBm0LaY/jcFxWKtlo3MPWeDB/SVJcogL6SDfW7j0GProAN+GFLDIakkQBEt7KgU+TQZTh7e/W/lg00BBkb3JYs/ZBS7JGCf+Kimh+w2rzOAKJiDYXORw3DqRDjolQ2sw4ld75mS81ikdtOCPc+vT9xkZ9kDoQ3U5DdB00dqg1cYw==\n",
            "public_key_pem": "-----BEGIN PUBLIC KEY-----\nMIICIjANBgkqhkiG9w0BAQEFAAOCAg8AMIICCgKCAgEAm38sGumlHVrlMaR11G8Y\n+cnv75VakCt5cX4R+6n6ZqeBQntaoz8ymBl45Hm/csqTdJGPG3m5DrSErDe0Q8x/\nenozBO03SWqvwePA8stgVetUzse6XRFiUpDPaHbkfX5w+nLnCNFwvab06KPl8FaG\nj5+C6yT2VDu4DEQB4k9aVkhb+mkL8WbI0TmdnPBeOroUaw0dFYw9xvLHPDVqOdM2\n5hWcKL+vGSNvo6cKoc4tCdvuCYCKgYFVvBaePpY5Kz31YbwMiO1UcdQCFYMwyYrK\niQp6B10FmpcDB3qctOGlkl3wuHxANEUf+5GQoJY3yXUZw9XUFRlrrWdPIayJZU1h\nA8DDIn+sSHPhX79ai7cHCCDhiAAUPrthGIL9jDk3Uh0XRP87/gHdkAPvIMAyif0+\nMAT5Yh3CQ7uCHSc4XMQm/vauld8kp+6Pqyrp7/1cb6o5g4OdK1O6nHQb83IX5AnA\npXtFGxMUqolgYynaitj2KBafRh4XWYPe1aSaPI1X82pjAZtC2mP43BcVirZaNzD1\nngwf0lSXKIC+kg31u49Bj66ADfhhSwyGpJEARLeyoFPk0GU4e3v1v5YNNAQZG9yW\nLP2QUuyRgn/iopofsNq8zgCiYg2FzkcNw6kQ46JUNrMOJXe+ZkvNYpHbTgj3Pr0/\ncZGfZA6EN1OQ3QdNHaoNXGMCAwEAAQ==\n-----END PUBLIC KEY-----\n",
            "rsa_bits": 4096
          },
          "sensitive_attributes": [
            [
              {
                "type": "get_attr",
                "value": "private_key_pem_pkcs8"
              }
            ],
            [
              {
                "type": "get_attr",
                "value": "private_key_openssh"
              }
            ],
            [
              {
                "type": "get_attr",
                "value": "private_key_pem"
              }
            ]
          ]
        }
      ]
    },
    {
      "module": "module.linux",
      "mode": "managed",
      "type": "azurerm_linux_virtual_machine",
      "name": "vm_linux",
      "provider": "provider[\"registry.terraform.io/hashicorp/azurerm\"]",
      "instances": [
        {
          "index_key": 0,
          "schema_version": 0,
          "attributes": {
            "additional_capabilities": [],
            "admin_password": null,
            "admin_ssh_key": [
              {
                "public_key": "ssh-rsa AAAAB3NzaC1yc2EAAAADAQABAAACAQCbfywa6aUdWuUxpHXUbxj5ye/vlVqQK3lxfhH7qfpmp4FCe1qjPzKYGXjkeb9yypN0kY8bebkOtISsN7RDzH96ejME7TdJaq/B48Dyy2BV61TOx7pdEWJSkM9oduR9fnD6cucI0XC9pvToo+XwVoaPn4LrJPZUO7gMRAHiT1pWSFv6aQvxZsjROZ2c8F46uhRrDR0VjD3G8sc8NWo50zbmFZwov68ZI2+jpwqhzi0J2+4JgIqBgVW8Fp4+ljkrPfVhvAyI7VRx1AIVgzDJisqJCnoHXQWalwMHepy04aWSXfC4fEA0RR/7kZCgljfJdRnD1dQVGWutZ08hrIllTWEDwMMif6xIc+Ffv1qLtwcIIOGIABQ+u2EYgv2MOTdSHRdE/zv+Ad2QA+8gwDKJ/T4wBPliHcJDu4IdJzhcxCb+9q6V3ySn7o+rKunv/VxvqjmDg50rU7qcdBvzchfkCcCle0UbExSqiWBjKdqK2PYoFp9GHhdZg97VpJo8jVfzamMBm0LaY/jcFxWKtlo3MPWeDB/SVJcogL6SDfW7j0GProAN+GFLDIakkQBEt7KgU+TQZTh7e/W/lg00BBkb3JYs/ZBS7JGCf+Kimh+w2rzOAKJiDYXORw3DqRDjolQ2sw4ld75mS81ikdtOCPc+vT9xkZ9kDoQ3U5DdB00dqg1cYw==\n",
                "username": "var.admin_username"
              }
            ],
            "admin_username": "var.admin_username",
            "allow_extension_operations": false,
            "availability_set_id": "",
            "boot_diagnostics": [
              {
                "storage_account_uri": ""
              }
            ],
            "bypass_platform_safety_checks_on_user_schedule_enabled": false,
            "capacity_reservation_group_id": "",
            "computer_name": "taco-wagon-app",
            "custom_data": "IyEvYmluL2Jhc2gNCg0KIyBTZXR1cCBsb2dnaW5nDQpsb2dmaWxlPSIvaG9tZS9hZG1pbnVzZXIvY3VzdG9tLWRhdGEubG9nIg0KZXhlYyA+ICRsb2dmaWxlIDI+JjENCg0KcHl0aG9uMyAtVg0Kc3VkbyBhcHQgdXBkYXRlDQpzdWRvIGFwdCBpbnN0YWxsIC15IHB5dGhvbjMtcGlwIHB5dGhvbjMtZmxhc2sNCnB5dGhvbjMgLW0gZmxhc2sgLS12ZXJzaW9uDQoNCnN1ZG8gY2F0IDw8IEVPRiA+IC9ob21lL2FkbWludXNlci9oZWxsby5weQ0KZnJvbSBmbGFzayBpbXBvcnQgRmxhc2sNCmltcG9ydCByZXF1ZXN0cw0KDQphcHAgPSBGbGFzayhfX25hbWVfXykNCg0KaW1wb3J0IHJlcXVlc3RzDQpAYXBwLnJvdXRlKCcvJykNCmRlZiBoZWxsb193b3JsZCgpOg0KICAgIHJldHVybiAiIiI8IURPQ1RZUEUgaHRtbD4NCjxodG1sPg0KPG1ldGEgY2hhcnNldD0iVVRGLTgiPg0KPGhlYWQ+DQogICAgPHRpdGxlPlRhY28gV2Fnb248L3RpdGxlPg0KPC9oZWFkPg0KPGJvZHk+DQogICAgPGgxPlZyb29tISBWcm9vbSHwn5qX8J+MrvCfjK7wn4yuPC9oMT4NCjwvYm9keT4NCjwvaHRtbD4iIiINCkVPRg0KDQpjaG1vZCAreCAvaG9tZS9hZG1pbnVzZXIvaGVsbG8ucHkNCg0Kc3VkbyAtYiBGTEFTS19BUFA9L2hvbWUvYWRtaW51c2VyL2hlbGxvLnB5IGZsYXNrIHJ1biAtLWhvc3Q9MC4wLjAuMCAtLXBvcnQ9ODA=",
            "dedicated_host_group_id": "",
            "dedicated_host_id": "",
            "disable_password_authentication": true,
            "disk_controller_type": "",
            "edge_zone": "",
            "encryption_at_host_enabled": false,
            "eviction_policy": "",
            "extensions_time_budget": "PT1H30M",
            "gallery_application": [],
            "id": "/subscriptions/2213e8b1-dbc7-4d54-8aff-b5e315df5e5b/resourceGroups/944-f68f32e5-using-the-virtual-machine-module/providers/Microsoft.Compute/virtualMachines/taco-wagon-app",
            "identity": [],
            "license_type": "",
            "location": "westus",
            "max_bid_price": -1,
            "name": "taco-wagon-app",
            "network_interface_ids": [
              "/subscriptions/2213e8b1-dbc7-4d54-8aff-b5e315df5e5b/resourceGroups/944-f68f32e5-using-the-virtual-machine-module/providers/Microsoft.Network/networkInterfaces/taco-wagon-app-nic"
            ],
            "os_disk": [
              {
                "caching": "ReadWrite",
                "diff_disk_settings": [],
                "disk_encryption_set_id": "",
                "disk_size_gb": 30,
                "name": "taco-wagon-app_OsDisk_1_04058971379a4d9a8c04c7b7c47cad45",
                "secure_vm_disk_encryption_set_id": "",
                "security_encryption_type": "",
                "storage_account_type": "Standard_LRS",
                "write_accelerator_enabled": false
              }
            ],
            "os_image_notification": [],
            "patch_assessment_mode": "ImageDefault",
            "patch_mode": "ImageDefault",
            "plan": [],
            "platform_fault_domain": -1,
            "priority": "Regular",
            "private_ip_address": "10.42.1.4",
            "private_ip_addresses": [
              "10.42.1.4"
            ],
            "provision_vm_agent": true,
            "proximity_placement_group_id": "",
            "public_ip_address": "13.64.228.4",
            "public_ip_addresses": [
              "13.64.228.4"
            ],
            "reboot_setting": "",
            "resource_group_name": "944-f68f32e5-using-the-virtual-machine-module",
            "secret": [],
            "secure_boot_enabled": false,
            "size": "Standard_F2",
            "source_image_id": "",
            "source_image_reference": [
              {
                "offer": "UbuntuServer",
                "publisher": "Canonical",
                "sku": "18.04-LTS",
                "version": "latest"
              }
            ],
            "tags": {
              "source": "terraform"
            },
            "termination_notification": [],
            "timeouts": null,
            "user_data": "",
            "virtual_machine_id": "0be5d8a9-c795-468a-b6cb-06123c2afdf0",
            "virtual_machine_scale_set_id": "",
            "vm_agent_platform_updates_enabled": false,
            "vtpm_enabled": false,
            "zone": ""
          },
          "sensitive_attributes": [
            [
              {
                "type": "get_attr",
                "value": "admin_password"
              }
            ],
            [
              {
                "type": "get_attr",
                "value": "custom_data"
              }
            ]
          ],
          "private": "eyJlMmJmYjczMC1lY2FhLTExZTYtOGY4OC0zNDM2M2JjN2M0YzAiOnsiY3JlYXRlIjoyNzAwMDAwMDAwMDAwLCJkZWxldGUiOjI3MDAwMDAwMDAwMDAsInJlYWQiOjMwMDAwMDAwMDAwMCwidXBkYXRlIjoyNzAwMDAwMDAwMDAwfX0=",
          "dependencies": [
            "azurerm_public_ip.app",
            "data.azurerm_resource_group.rg",
            "data.azurerm_subnet.app",
            "module.linux.azurerm_network_interface.vm",
            "module.linux.azurerm_storage_account.boot_diagnostics",
            "module.linux.random_id.vm_sa",
            "tls_private_key.ssh"
          ]
        }
      ]
    },
    {
      "module": "module.linux",
      "mode": "managed",
      "type": "azurerm_network_interface",
      "name": "vm",
      "provider": "provider[\"registry.terraform.io/hashicorp/azurerm\"]",
      "instances": [
        {
          "index_key": 0,
          "schema_version": 0,
          "attributes": {
            "accelerated_networking_enabled": false,
            "applied_dns_servers": [],
            "auxiliary_mode": "",
            "auxiliary_sku": "",
            "dns_servers": [],
            "edge_zone": "",
            "enable_accelerated_networking": false,
            "enable_ip_forwarding": false,
            "id": "/subscriptions/2213e8b1-dbc7-4d54-8aff-b5e315df5e5b/resourceGroups/944-f68f32e5-using-the-virtual-machine-module/providers/Microsoft.Network/networkInterfaces/taco-wagon-app-nic",
            "internal_dns_name_label": "",
            "internal_domain_name_suffix": "bxtgbaxqmswuxnkcknizqdaa1g.dx.internal.cloudapp.net",
            "ip_configuration": [
              {
                "gateway_load_balancer_frontend_ip_configuration_id": "",
                "name": "taco-wagon-app-nic0",
                "primary": true,
                "private_ip_address": "10.42.1.4",
                "private_ip_address_allocation": "Dynamic",
                "private_ip_address_version": "IPv4",
                "public_ip_address_id": "/subscriptions/2213e8b1-dbc7-4d54-8aff-b5e315df5e5b/resourceGroups/944-f68f32e5-using-the-virtual-machine-module/providers/Microsoft.Network/publicIPAddresses/pip-taco-wagon-app",
                "subnet_id": "/subscriptions/2213e8b1-dbc7-4d54-8aff-b5e315df5e5b/resourceGroups/944-f68f32e5-using-the-virtual-machine-module/providers/Microsoft.Network/virtualNetworks/taco-wagon-app/subnets/app"
              }
            ],
            "ip_forwarding_enabled": false,
            "location": "westus",
            "mac_address": "60-45-BD-06-46-DC",
            "name": "taco-wagon-app-nic",
            "private_ip_address": "10.42.1.4",
            "private_ip_addresses": [
              "10.42.1.4"
            ],
            "resource_group_name": "944-f68f32e5-using-the-virtual-machine-module",
            "tags": {
              "source": "terraform"
            },
            "timeouts": null,
            "virtual_machine_id": "/subscriptions/2213e8b1-dbc7-4d54-8aff-b5e315df5e5b/resourceGroups/944-f68f32e5-using-the-virtual-machine-module/providers/Microsoft.Compute/virtualMachines/taco-wagon-app"
          },
          "sensitive_attributes": [],
          "private": "eyJlMmJmYjczMC1lY2FhLTExZTYtOGY4OC0zNDM2M2JjN2M0YzAiOnsiY3JlYXRlIjoxODAwMDAwMDAwMDAwLCJkZWxldGUiOjE4MDAwMDAwMDAwMDAsInJlYWQiOjMwMDAwMDAwMDAwMCwidXBkYXRlIjoxODAwMDAwMDAwMDAwfX0=",
          "dependencies": [
            "azurerm_public_ip.app",
            "data.azurerm_resource_group.rg",
            "data.azurerm_subnet.app"
          ]
        }
      ]
    },
    {
      "module": "module.linux",
      "mode": "managed",
      "type": "random_id",
      "name": "vm_sa",
      "provider": "provider[\"registry.terraform.io/hashicorp/random\"]",
      "instances": [
        {
          "schema_version": 0,
          "attributes": {
            "b64_std": "qflYZASk",
            "b64_url": "qflYZASk",
            "byte_length": 6,
            "dec": "186888394900644",
            "hex": "a9f9586404a4",
            "id": "qflYZASk",
            "keepers": {
              "vm_name": "taco-wagon-app"
            },
            "prefix": null
          },
          "sensitive_attributes": []
        }
      ]
    }
  ],
  "check_results": [
    {
      "object_kind": "var",
      "config_addr": "module.linux.var.user_data",
      "status": "pass",
      "objects": [
        {
          "object_addr": "module.linux.var.user_data",
          "status": "pass"
        }
      ]
    },
    {
      "object_kind": "var",
      "config_addr": "module.linux.var.data_disks",
      "status": "pass",
      "objects": [
        {
          "object_addr": "module.linux.var.data_disks",
          "status": "pass"
        }
      ]
    },
    {
      "object_kind": "resource",
      "config_addr": "module.linux.azurerm_linux_virtual_machine.vm_linux",
      "status": "pass",
      "objects": [
        {
          "object_addr": "module.linux.azurerm_linux_virtual_machine.vm_linux[0]",
          "status": "pass"
        }
      ]
    },
    {
      "object_kind": "var",
      "config_addr": "module.linux.var.network_interface_ids",
      "status": "pass",
      "objects": [
        {
          "object_addr": "module.linux.var.network_interface_ids",
          "status": "pass"
        }
      ]
    },
    {
      "object_kind": "resource",
      "config_addr": "module.linux.azurerm_network_interface.vm",
      "status": "pass",
      "objects": [
        {
          "object_addr": "module.linux.azurerm_network_interface.vm[0]",
          "status": "pass"
        }
      ]
    },
    {
      "object_kind": "resource",
      "config_addr": "module.linux.azurerm_windows_virtual_machine.vm_windows",
      "status": "pass",
      "objects": null
    },
    {
      "object_kind": "var",
      "config_addr": "module.linux.var.custom_data",
      "status": "pass",
      "objects": [
        {
          "object_addr": "module.linux.var.custom_data",
          "status": "pass"
        }
      ]
    },
    {
      "object_kind": "var",
      "config_addr": "module.linux.var.extensions",
      "status": "pass",
      "objects": [
        {
          "object_addr": "module.linux.var.extensions",
          "status": "pass"
        }
      ]
    },
    {
      "object_kind": "var",
      "config_addr": "module.linux.var.new_network_interface",
      "status": "pass",
      "objects": [
        {
          "object_addr": "module.linux.var.new_network_interface",
          "status": "pass"
        }
      ]
    },
    {
      "object_kind": "var",
      "config_addr": "module.linux.var.image_os",
      "status": "pass",
      "objects": [
        {
          "object_addr": "module.linux.var.image_os",
          "status": "pass"
        }
      ]
    },
    {
      "object_kind": "var",
      "config_addr": "module.linux.var.reboot_setting",
      "status": "pass",
      "objects": [
        {
          "object_addr": "module.linux.var.reboot_setting",
          "status": "pass"
        }
      ]
    }
  ]
}
